// !$*UTF8*$!
{
	archiveVersion = 1;
	classes = {
	};
	objectVersion = 70;
	objects = {

/* Begin PBXBuildFile section */
		DC0A6A552B8D148000C53D56 /* CachedAsyncImage in Frameworks */ = {isa = PBXBuildFile; productRef = DC0A6A542B8D148000C53D56 /* CachedAsyncImage */; };
		DC2511E22E7F4C7E0021371C /* Tanuki Watch App.app in Embed Watch Content */ = {isa = PBXBuildFile; fileRef = DC2511D82E7F4C7D0021371C /* Tanuki Watch App.app */; platformFilter = ios; settings = {ATTRIBUTES = (RemoveHeadersOnCopy, ); }; };
		DC3A24542B8C3F5800DB0E3F /* NVMColor in Frameworks */ = {isa = PBXBuildFile; productRef = DC3A24532B8C3F5800DB0E3F /* NVMColor */; };
		DC42A2112C62D36E00B1EA85 /* HighlightedTextEditor in Frameworks */ = {isa = PBXBuildFile; productRef = DC42A2102C62D36E00B1EA85 /* HighlightedTextEditor */; };
		DC53A0D32F9D000100000003 /* TanukiIcon.icon in Resources */ = {isa = PBXBuildFile; fileRef = DC53A0D22F9D000100000002 /* TanukiIcon.icon */; };
		DC5AD7CF2E697E4B0031FC7B /* Apollo in Frameworks */ = {isa = PBXBuildFile; productRef = DC5AD7CE2E697E4B0031FC7B /* Apollo */; };
		DC5AD7D12E697E4B0031FC7B /* ApolloAPI in Frameworks */ = {isa = PBXBuildFile; productRef = DC5AD7D02E697E4B0031FC7B /* ApolloAPI */; };
		DC5AD7D32E697E4B0031FC7B /* ApolloSQLite in Frameworks */ = {isa = PBXBuildFile; productRef = DC5AD7D22E697E4B0031FC7B /* ApolloSQLite */; };
		DC5AD7DD2E69D6E50031FC7B /* Toast in Frameworks */ = {isa = PBXBuildFile; productRef = DC5AD7DC2E69D6E50031FC7B /* Toast */; };
		DC7E3B430000000000000004 /* TanukiEmoji in Frameworks */ = {isa = PBXBuildFile; productRef = DC7E3B430000000000000002 /* TanukiEmoji */; };
		DC7E3B430000000000000005 /* TanukiEmoji in Frameworks */ = {isa = PBXBuildFile; productRef = DC7E3B430000000000000003 /* TanukiEmoji */; };
		DC8978222E7F514200D42E4C /* GitLabAPI in Frameworks */ = {isa = PBXBuildFile; productRef = DC8978212E7F514200D42E4C /* GitLabAPI */; };
		DC8978242E7F515800D42E4C /* Apollo in Frameworks */ = {isa = PBXBuildFile; productRef = DC8978232E7F515800D42E4C /* Apollo */; };
		DC8978262E7F515800D42E4C /* ApolloAPI in Frameworks */ = {isa = PBXBuildFile; productRef = DC8978252E7F515800D42E4C /* ApolloAPI */; };
		DC89783D2E7F558300D42E4C /* CachedAsyncImage in Frameworks */ = {isa = PBXBuildFile; productRef = DC89783C2E7F558300D42E4C /* CachedAsyncImage */; };
		DCAE856B2FA0D20000F64C2B /* Textual in Frameworks */ = {isa = PBXBuildFile; productRef = DCAE856D2FA0D20000F64C2B /* Textual */; };
		DCAE856C2FA0D20000F64C2B /* MarkdownView in Frameworks */ = {isa = PBXBuildFile; productRef = DCAE856E2FA0D20000F64C2B /* MarkdownView */; };
		DCAF9D9F2BC3755F001FF2E5 /* Highlightr in Frameworks */ = {isa = PBXBuildFile; productRef = DCAF9D9E2BC3755F001FF2E5 /* Highlightr */; };
		DCBC8B402F2C01DD00700380 /* Settings.bundle in Resources */ = {isa = PBXBuildFile; fileRef = DCBC8B3F2F2C01DD00700380 /* Settings.bundle */; };
		DCBC8B412F2C01DD00700380 /* Settings.bundle in Resources */ = {isa = PBXBuildFile; fileRef = DCBC8B3F2F2C01DD00700380 /* Settings.bundle */; };
		DCD225042E696BC8002256F0 /* GitLabAPI in Frameworks */ = {isa = PBXBuildFile; productRef = DCD225032E696BC8002256F0 /* GitLabAPI */; };
		DCD2F7032F8AF9740049850E /* Alamofire in Frameworks */ = {isa = PBXBuildFile; productRef = DCD2F7022F8AF9740049850E /* Alamofire */; };
/* End PBXBuildFile section */

/* Begin PBXContainerItemProxy section */
		DC2511E02E7F4C7E0021371C /* PBXContainerItemProxy */ = {
			isa = PBXContainerItemProxy;
			containerPortal = DC2704ED2B8BC0F9003DAA84 /* Project object */;
			proxyType = 1;
			remoteGlobalIDString = DC2511D72E7F4C7D0021371C;
			remoteInfo = "Tanuki Watch Watch App";
		};
/* End PBXContainerItemProxy section */

/* Begin PBXCopyFilesBuildPhase section */
		DC2511E62E7F4C7E0021371C /* Embed Watch Content */ = {
			isa = PBXCopyFilesBuildPhase;
			buildActionMask = 2147483647;
			dstPath = "$(CONTENTS_FOLDER_PATH)/Watch";
			dstSubfolderSpec = 16;
			files = (
				DC2511E22E7F4C7E0021371C /* Tanuki Watch App.app in Embed Watch Content */,
			);
			name = "Embed Watch Content";
			runOnlyForDeploymentPostprocessing = 0;
		};
/* End PBXCopyFilesBuildPhase section */

/* Begin PBXFileReference section */
		DC2511D82E7F4C7D0021371C /* Tanuki Watch App.app */ = {isa = PBXFileReference; explicitFileType = wrapper.application; includeInIndex = 0; path = "Tanuki Watch App.app"; sourceTree = BUILT_PRODUCTS_DIR; };
		DC2704F52B8BC0F9003DAA84 /* Tanuki.app */ = {isa = PBXFileReference; explicitFileType = wrapper.application; includeInIndex = 0; path = Tanuki.app; sourceTree = BUILT_PRODUCTS_DIR; };
		DC53A0D22F9D000100000002 /* TanukiIcon.icon */ = {isa = PBXFileReference; lastKnownFileType = folder.iconcomposer.icon; name = TanukiIcon.icon; path = Tanuki/TanukiIcon.icon; sourceTree = "<group>"; };
		DCBC8B3F2F2C01DD00700380 /* Settings.bundle */ = {isa = PBXFileReference; lastKnownFileType = "wrapper.plug-in"; path = Settings.bundle; sourceTree = "<group>"; };
/* End PBXFileReference section */

/* Begin PBXFileSystemSynchronizedBuildFileExceptionSet section */
		DC53A0D12F9D000100000001 /* PBXFileSystemSynchronizedBuildFileExceptionSet */ = {
			isa = PBXFileSystemSynchronizedBuildFileExceptionSet;
			membershipExceptions = (
				Info.plist,
			);
			target = DC2704F42B8BC0F9003DAA84 /* Tanuki */;
		};
/* End PBXFileSystemSynchronizedBuildFileExceptionSet section */

/* Begin PBXFileSystemSynchronizedRootGroup section */
		DC2511D92E7F4C7D0021371C /* Tanuki Watch App */ = {isa = PBXFileSystemSynchronizedRootGroup; explicitFileTypes = {}; explicitFolders = (); path = "Tanuki Watch App"; sourceTree = "<group>"; };
		DC4A1F76307661B8004A9B30 /* Tanuki */ = {isa = PBXFileSystemSynchronizedRootGroup; exceptions = (DC53A0D12F9D000100000001 /* PBXFileSystemSynchronizedBuildFileExceptionSet */, ); explicitFileTypes = {}; explicitFolders = (); path = Tanuki; sourceTree = "<group>"; };
/* End PBXFileSystemSynchronizedRootGroup section */

/* Begin PBXFrameworksBuildPhase section */
		DC2511D52E7F4C7D0021371C /* Frameworks */ = {
			isa = PBXFrameworksBuildPhase;
			buildActionMask = 2147483647;
			files = (
				DC8978262E7F515800D42E4C /* ApolloAPI in Frameworks */,
				DC89783D2E7F558300D42E4C /* CachedAsyncImage in Frameworks */,
				DC8978222E7F514200D42E4C /* GitLabAPI in Frameworks */,
				DC7E3B430000000000000004 /* TanukiEmoji in Frameworks */,
				DC8978242E7F515800D42E4C /* Apollo in Frameworks */,
			);
			runOnlyForDeploymentPostprocessing = 0;
		};
		DC2704F22B8BC0F9003DAA84 /* Frameworks */ = {
			isa = PBXFrameworksBuildPhase;
			buildActionMask = 2147483647;
			files = (
				DC5AD7DD2E69D6E50031FC7B /* Toast in Frameworks */,
				DCD225042E696BC8002256F0 /* GitLabAPI in Frameworks */,
				DC7E3B430000000000000005 /* TanukiEmoji in Frameworks */,
				DC3A24542B8C3F5800DB0E3F /* NVMColor in Frameworks */,
				DC0A6A552B8D148000C53D56 /* CachedAsyncImage in Frameworks */,
				DC42A2112C62D36E00B1EA85 /* HighlightedTextEditor in Frameworks */,
				DC5AD7D12E697E4B0031FC7B /* ApolloAPI in Frameworks */,
				DC5AD7CF2E697E4B0031FC7B /* Apollo in Frameworks */,
				DCAF9D9F2BC3755F001FF2E5 /* Highlightr in Frameworks */,
				DCD2F7032F8AF9740049850E /* Alamofire in Frameworks */,
				DC5AD7D32E697E4B0031FC7B /* ApolloSQLite in Frameworks */,
				DCAE856B2FA0D20000F64C2B /* Textual in Frameworks */,
				DCAE856C2FA0D20000F64C2B /* MarkdownView in Frameworks */,
			);
			runOnlyForDeploymentPostprocessing = 0;
		};
/* End PBXFrameworksBuildPhase section */

/* Begin PBXGroup section */
		DC2704EC2B8BC0F9003DAA84 = {
			isa = PBXGroup;
			children = (
				DCBC8B3F2F2C01DD00700380 /* Settings.bundle */,
				DC53A0D22F9D000100000002 /* TanukiIcon.icon */,
				DC4A1F76307661B8004A9B30 /* Tanuki */,
				DC2511D92E7F4C7D0021371C /* Tanuki Watch App */,
				DC2704F62B8BC0F9003DAA84 /* Products */,
				DC3013102B8BC78300D33B23 /* Frameworks */,
			);
			sourceTree = "<group>";
		};
		DC2704F62B8BC0F9003DAA84 /* Products */ = {
			isa = PBXGroup;
			children = (
				DC2704F52B8BC0F9003DAA84 /* Tanuki.app */,
				DC2511D82E7F4C7D0021371C /* Tanuki Watch App.app */,
			);
			name = Products;
			sourceTree = "<group>";
		};
		DC3013102B8BC78300D33B23 /* Frameworks */ = {
			isa = PBXGroup;
			children = (
			);
			name = Frameworks;
			sourceTree = "<group>";
		};
/* End PBXGroup section */

/* Begin PBXNativeTarget section */
		DC2511D72E7F4C7D0021371C /* Tanuki Watch App */ = {
			isa = PBXNativeTarget;
			buildConfigurationList = DC2511E32E7F4C7E0021371C /* Build configuration list for PBXNativeTarget "Tanuki Watch App" */;
			buildPhases = (
				DC2511D42E7F4C7D0021371C /* Sources */,
				DC2511D52E7F4C7D0021371C /* Frameworks */,
				DC2511D62E7F4C7D0021371C /* Resources */,
			);
			buildRules = (
			);
			dependencies = (
			);
			fileSystemSynchronizedGroups = (
				DC2511D92E7F4C7D0021371C /* Tanuki Watch App */,
			);
			name = "Tanuki Watch App";
			packageProductDependencies = (
				DC8978212E7F514200D42E4C /* GitLabAPI */,
				DC7E3B430000000000000002 /* TanukiEmoji */,
				DC8978232E7F515800D42E4C /* Apollo */,
				DC8978252E7F515800D42E4C /* ApolloAPI */,
				DC89783C2E7F558300D42E4C /* CachedAsyncImage */,
			);
			productName = "Tanuki Watch Watch App";
			productReference = DC2511D82E7F4C7D0021371C /* Tanuki Watch App.app */;
			productType = "com.apple.product-type.application";
		};
		DC2704F42B8BC0F9003DAA84 /* Tanuki */ = {
			isa = PBXNativeTarget;
			buildConfigurationList = DC2705042B8BC0FB003DAA84 /* Build configuration list for PBXNativeTarget "Tanuki" */;
			buildPhases = (
				DC2704F12B8BC0F9003DAA84 /* Sources */,
				DC2704F22B8BC0F9003DAA84 /* Frameworks */,
				DC2704F32B8BC0F9003DAA84 /* Resources */,
				DC2511E62E7F4C7E0021371C /* Embed Watch Content */,
			);
			buildRules = (
			);
			dependencies = (
				DC2511E12E7F4C7E0021371C /* PBXTargetDependency */,
			);
			fileSystemSynchronizedGroups = (
				DC4A1F76307661B8004A9B30 /* Tanuki */,
			);
			name = Tanuki;
			packageProductDependencies = (
				DC3A24532B8C3F5800DB0E3F /* NVMColor */,
				DCAE856D2FA0D20000F64C2B /* Textual */,
				DCAE856E2FA0D20000F64C2B /* MarkdownView */,
				DC0A6A542B8D148000C53D56 /* CachedAsyncImage */,
				DCAF9D9E2BC3755F001FF2E5 /* Highlightr */,
				DC42A2102C62D36E00B1EA85 /* HighlightedTextEditor */,
				DCD225032E696BC8002256F0 /* GitLabAPI */,
				DC7E3B430000000000000003 /* TanukiEmoji */,
				DC5AD7CE2E697E4B0031FC7B /* Apollo */,
				DC5AD7D02E697E4B0031FC7B /* ApolloAPI */,
				DC5AD7D22E697E4B0031FC7B /* ApolloSQLite */,
				DC5AD7DC2E69D6E50031FC7B /* Toast */,
				DCD2F7022F8AF9740049850E /* Alamofire */,
			);
			productName = Tanuki;
			productReference = DC2704F52B8BC0F9003DAA84 /* Tanuki.app */;
			productType = "com.apple.product-type.application";
		};
/* End PBXNativeTarget section */

/* Begin PBXProject section */
		DC2704ED2B8BC0F9003DAA84 /* Project object */ = {
			isa = PBXProject;
			attributes = {
				BuildIndependentTargetsInParallel = 1;
				LastSwiftUpdateCheck = 2600;
				LastUpgradeCheck = 2700;
				TargetAttributes = {
					DC2511D72E7F4C7D0021371C = {
						CreatedOnToolsVersion = 26.0;
					};
					DC2704F42B8BC0F9003DAA84 = {
						CreatedOnToolsVersion = 15.2;
					};
				};
			};
			buildConfigurationList = DC2704F02B8BC0F9003DAA84 /* Build configuration list for PBXProject "Tanuki" */;
			compatibilityVersion = "Xcode 14.0";
			developmentRegion = en;
			hasScannedForEncodings = 0;
			knownRegions = (
				en,
				Base,
			);
			mainGroup = DC2704EC2B8BC0F9003DAA84;
			packageReferences = (
				DC3A24522B8C3F5800DB0E3F /* XCRemoteSwiftPackageReference "nvm-color" */,
				DCAE856F2FA0D20000F64C2B /* XCRemoteSwiftPackageReference "textual" */,
				DCAE85702FA0D20000F64C2B /* XCRemoteSwiftPackageReference "MarkdownView" */,
				DC0A6A532B8D148000C53D56 /* XCRemoteSwiftPackageReference "swiftui-cached-async-image" */,
				DCAF9D9D2BC3755F001FF2E5 /* XCRemoteSwiftPackageReference "Highlightr" */,
				DC42A20F2C62D36E00B1EA85 /* XCRemoteSwiftPackageReference "HighlightedTextEditor" */,
				DCD225022E696BC8002256F0 /* XCLocalSwiftPackageReference "GitLabAPI" */,
				DC7E3B430000000000000001 /* XCLocalSwiftPackageReference "Emoji" */,
				DC5AD7CD2E697E4B0031FC7B /* XCRemoteSwiftPackageReference "apollo-ios" */,
				DC5AD7DB2E69D6E50031FC7B /* XCRemoteSwiftPackageReference "toast-swift" */,
				DCD2F7012F8AF9740049850E /* XCRemoteSwiftPackageReference "Alamofire" */,
			);
			productRefGroup = DC2704F62B8BC0F9003DAA84 /* Products */;
			projectDirPath = "";
			projectRoot = "";
			targets = (
				DC2704F42B8BC0F9003DAA84 /* Tanuki */,
				DC2511D72E7F4C7D0021371C /* Tanuki Watch App */,
			);
		};
/* End PBXProject section */

/* Begin PBXResourcesBuildPhase section */
		DC2511D62E7F4C7D0021371C /* Resources */ = {
			isa = PBXResourcesBuildPhase;
			buildActionMask = 2147483647;
			files = (
				DC53A0D32F9D000100000003 /* TanukiIcon.icon in Resources */,
				DCBC8B402F2C01DD00700380 /* Settings.bundle in Resources */,
			);
			runOnlyForDeploymentPostprocessing = 0;
		};
		DC2704F32B8BC0F9003DAA84 /* Resources */ = {
			isa = PBXResourcesBuildPhase;
			buildActionMask = 2147483647;
			files = (
				DCBC8B412F2C01DD00700380 /* Settings.bundle in Resources */,
			);
			runOnlyForDeploymentPostprocessing = 0;
		};
/* End PBXResourcesBuildPhase section */

/* Begin PBXSourcesBuildPhase section */
		DC2511D42E7F4C7D0021371C /* Sources */ = {
			isa = PBXSourcesBuildPhase;
			buildActionMask = 2147483647;
			files = (
			);
			runOnlyForDeploymentPostprocessing = 0;
		};
		DC2704F12B8BC0F9003DAA84 /* Sources */ = {
			isa = PBXSourcesBuildPhase;
			buildActionMask = 2147483647;
			files = (
			);
			runOnlyForDeploymentPostprocessing = 0;
		};
/* End PBXSourcesBuildPhase section */

/* Begin PBXTargetDependency section */
		DC2511E12E7F4C7E0021371C /* PBXTargetDependency */ = {
			isa = PBXTargetDependency;
			platformFilter = ios;
			target = DC2511D72E7F4C7D0021371C /* Tanuki Watch App */;
			targetProxy = DC2511E02E7F4C7E0021371C /* PBXContainerItemProxy */;
		};
/* End PBXTargetDependency section */

/* Begin XCBuildConfiguration section */
		DC2511E42E7F4C7E0021371C /* Debug */ = {
			isa = XCBuildConfiguration;
			buildSettings = {
				ASSETCATALOG_COMPILER_APPICON_NAME = TanukiIcon;
				ASSETCATALOG_COMPILER_GLOBAL_ACCENT_COLOR_NAME = AccentColor;
				CODE_SIGN_ENTITLEMENTS = "Tanuki Watch App/Tanuki Watch App.entitlements";
				CODE_SIGN_STYLE = Automatic;
				CURRENT_PROJECT_VERSION = 1;
				ENABLE_PREVIEWS = YES;
				GENERATE_INFOPLIST_FILE = YES;
				INFOPLIST_KEY_CFBundleDisplayName = Tanuki;
				INFOPLIST_KEY_UISupportedInterfaceOrientations = "UIInterfaceOrientationPortrait UIInterfaceOrientationPortraitUpsideDown";
				INFOPLIST_KEY_WKCompanionAppBundleIdentifier = de.schindlerfelix.GitLab;
				LD_RUNPATH_SEARCH_PATHS = (
					"$(inherited)",
					"@executable_path/Frameworks",
				);
				MARKETING_VERSION = 2.3.0;
				ONLY_ACTIVE_ARCH = NO;
				PRODUCT_BUNDLE_IDENTIFIER = de.schindlerfelix.GitLab.watchkitapp;
				PRODUCT_NAME = "$(TARGET_NAME)";
				SDKROOT = watchos;
				SKIP_INSTALL = YES;
				STRING_CATALOG_GENERATE_SYMBOLS = YES;
				SWIFT_APPROACHABLE_CONCURRENCY = YES;
				SWIFT_DEFAULT_ACTOR_ISOLATION = MainActor;
				SWIFT_EMIT_LOC_STRINGS = YES;
				SWIFT_UPCOMING_FEATURE_MEMBER_IMPORT_VISIBILITY = YES;
				SWIFT_VERSION = 6.0;
				TARGETED_DEVICE_FAMILY = 4;
				WATCHOS_DEPLOYMENT_TARGET = 11.0;
			};
			name = Debug;
		};
		DC2511E52E7F4C7E0021371C /* Release */ = {
			isa = XCBuildConfiguration;
			buildSettings = {
				ASSETCATALOG_COMPILER_APPICON_NAME = TanukiIcon;
				ASSETCATALOG_COMPILER_GLOBAL_ACCENT_COLOR_NAME = AccentColor;
				CODE_SIGN_ENTITLEMENTS = "Tanuki Watch App/Tanuki Watch App.entitlements";
				CODE_SIGN_STYLE = Automatic;
				CURRENT_PROJECT_VERSION = 1;
				ENABLE_PREVIEWS = YES;
				GENERATE_INFOPLIST_FILE = YES;
				INFOPLIST_KEY_CFBundleDisplayName = Tanuki;
				INFOPLIST_KEY_UISupportedInterfaceOrientations = "UIInterfaceOrientationPortrait UIInterfaceOrientationPortraitUpsideDown";
				INFOPLIST_KEY_WKCompanionAppBundleIdentifier = de.schindlerfelix.GitLab;
				LD_RUNPATH_SEARCH_PATHS = (
					"$(inherited)",
					"@executable_path/Frameworks",
				);
				MARKETING_VERSION = 2.3.0;
				PRODUCT_BUNDLE_IDENTIFIER = de.schindlerfelix.GitLab.watchkitapp;
				PRODUCT_NAME = "$(TARGET_NAME)";
				SDKROOT = watchos;
				SKIP_INSTALL = YES;
				STRING_CATALOG_GENERATE_SYMBOLS = YES;
				SWIFT_APPROACHABLE_CONCURRENCY = YES;
				SWIFT_DEFAULT_ACTOR_ISOLATION = MainActor;
				SWIFT_EMIT_LOC_STRINGS = YES;
				SWIFT_UPCOMING_FEATURE_MEMBER_IMPORT_VISIBILITY = YES;
				SWIFT_VERSION = 6.0;
				TARGETED_DEVICE_FAMILY = 4;
				VALIDATE_PRODUCT = YES;
				WATCHOS_DEPLOYMENT_TARGET = 11.0;
			};
			name = Release;
		};
		DC2705022B8BC0FB003DAA84 /* Debug */ = {
			isa = XCBuildConfiguration;
			buildSettings = {
				ALWAYS_SEARCH_USER_PATHS = NO;
				ASSETCATALOG_COMPILER_GENERATE_SWIFT_ASSET_SYMBOL_EXTENSIONS = YES;
				CLANG_ANALYZER_NONNULL = YES;
				CLANG_ANALYZER_NUMBER_OBJECT_CONVERSION = YES_AGGRESSIVE;
				CLANG_CXX_LANGUAGE_STANDARD = "gnu++20";
				CLANG_ENABLE_MODULES = YES;
				CLANG_ENABLE_OBJC_ARC = YES;
				CLANG_ENABLE_OBJC_WEAK = YES;
				CLANG_WARN_BLOCK_CAPTURE_AUTORELEASING = YES;
				CLANG_WARN_BOOL_CONVERSION = YES;
				CLANG_WARN_COMMA = YES;
				CLANG_WARN_CONSTANT_CONVERSION = YES;
				CLANG_WARN_DEPRECATED_OBJC_IMPLEMENTATIONS = YES;
				CLANG_WARN_DIRECT_OBJC_ISA_USAGE = YES_ERROR;
				CLANG_WARN_DOCUMENTATION_COMMENTS = YES;
				CLANG_WARN_EMPTY_BODY = YES;
				CLANG_WARN_ENUM_CONVERSION = YES;
				CLANG_WARN_INFINITE_RECURSION = YES;
				CLANG_WARN_INT_CONVERSION = YES;
				CLANG_WARN_NON_LITERAL_NULL_CONVERSION = YES;
				CLANG_WARN_OBJC_IMPLICIT_RETAIN_SELF = YES;
				CLANG_WARN_OBJC_LITERAL_CONVERSION = YES;
				CLANG_WARN_OBJC_ROOT_CLASS = YES_ERROR;
				CLANG_WARN_QUOTED_INCLUDE_IN_FRAMEWORK_HEADER = YES;
				CLANG_WARN_RANGE_LOOP_ANALYSIS = YES;
				CLANG_WARN_STRICT_PROTOTYPES = YES;
				CLANG_WARN_SUSPICIOUS_MOVE = YES;
				CLANG_WARN_UNGUARDED_AVAILABILITY = YES_AGGRESSIVE;
				CLANG_WARN_UNREACHABLE_CODE = YES;
				CLANG_WARN__DUPLICATE_METHOD_MATCH = YES;
				COPY_PHASE_STRIP = NO;
				DEAD_CODE_STRIPPING = YES;
				DEBUG_INFORMATION_FORMAT = dwarf;
				DEVELOPMENT_TEAM = S2D94HHFAY;
				ENABLE_STRICT_OBJC_MSGSEND = YES;
				ENABLE_TESTABILITY = YES;
				ENABLE_USER_SCRIPT_SANDBOXING = YES;
				GCC_C_LANGUAGE_STANDARD = gnu17;
				GCC_DYNAMIC_NO_PIC = NO;
				GCC_NO_COMMON_BLOCKS = YES;
				GCC_OPTIMIZATION_LEVEL = 0;
				GCC_PREPROCESSOR_DEFINITIONS = (
					"DEBUG=1",
					"$(inherited)",
				);
				GCC_WARN_64_TO_32_BIT_CONVERSION = YES;
				GCC_WARN_ABOUT_RETURN_TYPE = YES_ERROR;
				GCC_WARN_UNDECLARED_SELECTOR = YES;
				GCC_WARN_UNINITIALIZED_AUTOS = YES_AGGRESSIVE;
				GCC_WARN_UNUSED_FUNCTION = YES;
				GCC_WARN_UNUSED_VARIABLE = YES;
				LOCALIZATION_PREFERS_STRING_CATALOGS = YES;
				MTL_ENABLE_DEBUG_INFO = INCLUDE_SOURCE;
				MTL_FAST_MATH = YES;
				ONLY_ACTIVE_ARCH = YES;
				STRING_CATALOG_GENERATE_SYMBOLS = YES;
				SWIFT_ACTIVE_COMPILATION_CONDITIONS = "DEBUG $(inherited)";
				SWIFT_OPTIMIZATION_LEVEL = "-Onone";
			};
			name = Debug;
		};
		DC2705032B8BC0FB003DAA84 /* Release */ = {
			isa = XCBuildConfiguration;
			buildSettings = {
				ALWAYS_SEARCH_USER_PATHS = NO;
				ASSETCATALOG_COMPILER_GENERATE_SWIFT_ASSET_SYMBOL_EXTENSIONS = YES;
				CLANG_ANALYZER_NONNULL = YES;
				CLANG_ANALYZER_NUMBER_OBJECT_CONVERSION = YES_AGGRESSIVE;
				CLANG_CXX_LANGUAGE_STANDARD = "gnu++20";
				CLANG_ENABLE_MODULES = YES;
				CLANG_ENABLE_OBJC_ARC = YES;
				CLANG_ENABLE_OBJC_WEAK = YES;
				CLANG_WARN_BLOCK_CAPTURE_AUTORELEASING = YES;
				CLANG_WARN_BOOL_CONVERSION = YES;
				CLANG_WARN_COMMA = YES;
				CLANG_WARN_CONSTANT_CONVERSION = YES;
				CLANG_WARN_DEPRECATED_OBJC_IMPLEMENTATIONS = YES;
				CLANG_WARN_DIRECT_OBJC_ISA_USAGE = YES_ERROR;
				CLANG_WARN_DOCUMENTATION_COMMENTS = YES;
				CLANG_WARN_EMPTY_BODY = YES;
				CLANG_WARN_ENUM_CONVERSION = YES;
				CLANG_WARN_INFINITE_RECURSION = YES;
				CLANG_WARN_INT_CONVERSION = YES;
				CLANG_WARN_NON_LITERAL_NULL_CONVERSION = YES;
				CLANG_WARN_OBJC_IMPLICIT_RETAIN_SELF = YES;
				CLANG_WARN_OBJC_LITERAL_CONVERSION = YES;
				CLANG_WARN_OBJC_ROOT_CLASS = YES_ERROR;
				CLANG_WARN_QUOTED_INCLUDE_IN_FRAMEWORK_HEADER = YES;
				CLANG_WARN_RANGE_LOOP_ANALYSIS = YES;
				CLANG_WARN_STRICT_PROTOTYPES = YES;
				CLANG_WARN_SUSPICIOUS_MOVE = YES;
				CLANG_WARN_UNGUARDED_AVAILABILITY = YES_AGGRESSIVE;
				CLANG_WARN_UNREACHABLE_CODE = YES;
				CLANG_WARN__DUPLICATE_METHOD_MATCH = YES;
				COPY_PHASE_STRIP = NO;
				DEAD_CODE_STRIPPING = YES;
				DEBUG_INFORMATION_FORMAT = "dwarf-with-dsym";
				DEVELOPMENT_TEAM = S2D94HHFAY;
				ENABLE_NS_ASSERTIONS = NO;
				ENABLE_STRICT_OBJC_MSGSEND = YES;
				ENABLE_USER_SCRIPT_SANDBOXING = YES;
				GCC_C_LANGUAGE_STANDARD = gnu17;
				GCC_NO_COMMON_BLOCKS = YES;
				GCC_WARN_64_TO_32_BIT_CONVERSION = YES;
				GCC_WARN_ABOUT_RETURN_TYPE = YES_ERROR;
				GCC_WARN_UNDECLARED_SELECTOR = YES;
				GCC_WARN_UNINITIALIZED_AUTOS = YES_AGGRESSIVE;
				GCC_WARN_UNUSED_FUNCTION = YES;
				GCC_WARN_UNUSED_VARIABLE = YES;
				LOCALIZATION_PREFERS_STRING_CATALOGS = YES;
				MTL_ENABLE_DEBUG_INFO = NO;
				MTL_FAST_MATH = YES;
				STRING_CATALOG_GENERATE_SYMBOLS = YES;
				SWIFT_COMPILATION_MODE = wholemodule;
			};
			name = Release;
		};
		DC2705052B8BC0FB003DAA84 /* Debug */ = {
			isa = XCBuildConfiguration;
			buildSettings = {
				ASSETCATALOG_COMPILER_APPICON_NAME = TanukiIcon;
				ASSETCATALOG_COMPILER_GLOBAL_ACCENT_COLOR_NAME = AccentColor;
				CODE_SIGN_ENTITLEMENTS = Tanuki/Tanuki.entitlements;
				CODE_SIGN_STYLE = Automatic;
				CURRENT_PROJECT_VERSION = 1;
				DEAD_CODE_STRIPPING = YES;
				DEVELOPMENT_ASSET_PATHS = "\"Tanuki/Preview Content\"";
				ENABLE_PREVIEWS = YES;
				GENERATE_INFOPLIST_FILE = YES;
				INFOPLIST_FILE = Tanuki/Info.plist;
				INFOPLIST_KEY_CFBundleDisplayName = Tanuki;
				INFOPLIST_KEY_LSApplicationCategoryType = "public.app-category.developer-tools";
				"INFOPLIST_KEY_UIApplicationSceneManifest_Generation[sdk=iphoneos*]" = YES;
				"INFOPLIST_KEY_UIApplicationSceneManifest_Generation[sdk=iphonesimulator*]" = YES;
				"INFOPLIST_KEY_UIApplicationSupportsIndirectInputEvents[sdk=iphoneos*]" = YES;
				"INFOPLIST_KEY_UIApplicationSupportsIndirectInputEvents[sdk=iphonesimulator*]" = YES;
				"INFOPLIST_KEY_UILaunchScreen_Generation[sdk=iphoneos*]" = YES;
				"INFOPLIST_KEY_UILaunchScreen_Generation[sdk=iphonesimulator*]" = YES;
				INFOPLIST_KEY_UIStatusBarHidden = YES;
				"INFOPLIST_KEY_UIStatusBarStyle[sdk=iphoneos*]" = UIStatusBarStyleDefault;
				"INFOPLIST_KEY_UIStatusBarStyle[sdk=iphonesimulator*]" = UIStatusBarStyleDefault;
				INFOPLIST_KEY_UISupportedInterfaceOrientations = "UIInterfaceOrientationLandscapeLeft UIInterfaceOrientationLandscapeRight UIInterfaceOrientationPortrait UIInterfaceOrientationPortraitUpsideDown";
				IPHONEOS_DEPLOYMENT_TARGET = 18.0;
				LD_RUNPATH_SEARCH_PATHS = "@executable_path/Frameworks";
				MARKETING_VERSION = 2.3.0;
				ONLY_ACTIVE_ARCH = YES;
				PRODUCT_BUNDLE_IDENTIFIER = de.schindlerfelix.GitLab;
				PRODUCT_NAME = "$(TARGET_NAME)";
				SDKROOT = auto;
				SUPPORTED_PLATFORMS = "iphoneos iphonesimulator";
				SUPPORTS_MACCATALYST = NO;
				SUPPORTS_XR_DESIGNED_FOR_IPHONE_IPAD = NO;
				SWIFT_EMIT_LOC_STRINGS = YES;
				SWIFT_VERSION = 6.0;
				TARGETED_DEVICE_FAMILY = "1,2,6";
				TVOS_DEPLOYMENT_TARGET = 17.0;
			};
			name = Debug;
		};
		DC2705062B8BC0FB003DAA84 /* Release */ = {
			isa = XCBuildConfiguration;
			buildSettings = {
				ASSETCATALOG_COMPILER_APPICON_NAME = TanukiIcon;
				ASSETCATALOG_COMPILER_GLOBAL_ACCENT_COLOR_NAME = AccentColor;
				CODE_SIGN_ENTITLEMENTS = Tanuki/Tanuki.entitlements;
				CODE_SIGN_STYLE = Automatic;
				CURRENT_PROJECT_VERSION = 1;
				DEAD_CODE_STRIPPING = YES;
				DEVELOPMENT_ASSET_PATHS = "\"Tanuki/Preview Content\"";
				ENABLE_PREVIEWS = YES;
				GENERATE_INFOPLIST_FILE = YES;
				INFOPLIST_FILE = Tanuki/Info.plist;
				INFOPLIST_KEY_CFBundleDisplayName = Tanuki;
				INFOPLIST_KEY_LSApplicationCategoryType = "public.app-category.developer-tools";
				"INFOPLIST_KEY_UIApplicationSceneManifest_Generation[sdk=iphoneos*]" = YES;
				"INFOPLIST_KEY_UIApplicationSceneManifest_Generation[sdk=iphonesimulator*]" = YES;
				"INFOPLIST_KEY_UIApplicationSupportsIndirectInputEvents[sdk=iphoneos*]" = YES;
				"INFOPLIST_KEY_UIApplicationSupportsIndirectInputEvents[sdk=iphonesimulator*]" = YES;
				"INFOPLIST_KEY_UILaunchScreen_Generation[sdk=iphoneos*]" = YES;
				"INFOPLIST_KEY_UILaunchScreen_Generation[sdk=iphonesimulator*]" = YES;
				INFOPLIST_KEY_UIStatusBarHidden = YES;
				"INFOPLIST_KEY_UIStatusBarStyle[sdk=iphoneos*]" = UIStatusBarStyleDefault;
				"INFOPLIST_KEY_UIStatusBarStyle[sdk=iphonesimulator*]" = UIStatusBarStyleDefault;
				INFOPLIST_KEY_UISupportedInterfaceOrientations = "UIInterfaceOrientationLandscapeLeft UIInterfaceOrientationLandscapeRight UIInterfaceOrientationPortrait UIInterfaceOrientationPortraitUpsideDown";
				IPHONEOS_DEPLOYMENT_TARGET = 18.0;
				LD_RUNPATH_SEARCH_PATHS = "@executable_path/Frameworks";
				MARKETING_VERSION = 2.3.0;
				ONLY_ACTIVE_ARCH = YES;
				PRODUCT_BUNDLE_IDENTIFIER = de.schindlerfelix.GitLab;
				PRODUCT_NAME = "$(TARGET_NAME)";
				SDKROOT = auto;
				SUPPORTED_PLATFORMS = "iphoneos iphonesimulator";
				SUPPORTS_MACCATALYST = NO;
				SUPPORTS_XR_DESIGNED_FOR_IPHONE_IPAD = NO;
				SWIFT_EMIT_LOC_STRINGS = YES;
				SWIFT_VERSION = 6.0;
				TARGETED_DEVICE_FAMILY = "1,2,6";
				TVOS_DEPLOYMENT_TARGET = 17.0;
			};
			name = Release;
		};
/* End XCBuildConfiguration section */

/* Begin XCConfigurationList section */
		DC2511E32E7F4C7E0021371C /* Build configuration list for PBXNativeTarget "Tanuki Watch App" */ = {
			isa = XCConfigurationList;
			buildConfigurations = (
				DC2511E42E7F4C7E0021371C /* Debug */,
				DC2511E52E7F4C7E0021371C /* Release */,
			);
			defaultConfigurationIsVisible = 0;
			defaultConfigurationName = Release;
		};
		DC2704F02B8BC0F9003DAA84 /* Build configuration list for PBXProject "Tanuki" */ = {
			isa = XCConfigurationList;
			buildConfigurations = (
				DC2705022B8BC0FB003DAA84 /* Debug */,
				DC2705032B8BC0FB003DAA84 /* Release */,
			);
			defaultConfigurationIsVisible = 0;
			defaultConfigurationName = Release;
		};
		DC2705042B8BC0FB003DAA84 /* Build configuration list for PBXNativeTarget "Tanuki" */ = {
			isa = XCConfigurationList;
			buildConfigurations = (
				DC2705052B8BC0FB003DAA84 /* Debug */,
				DC2705062B8BC0FB003DAA84 /* Release */,
			);
			defaultConfigurationIsVisible = 0;
			defaultConfigurationName = Release;
		};
/* End XCConfigurationList section */

/* Begin XCLocalSwiftPackageReference section */
		DC7E3B430000000000000001 /* XCLocalSwiftPackageReference "Emoji" */ = {
			isa = XCLocalSwiftPackageReference;
			relativePath = Emoji;
		};
		DCD225022E696BC8002256F0 /* XCLocalSwiftPackageReference "GitLabAPI" */ = {
			isa = XCLocalSwiftPackageReference;
			relativePath = GitLabAPI;
		};
/* End XCLocalSwiftPackageReference section */

/* Begin XCRemoteSwiftPackageReference section */
		DC0A6A532B8D148000C53D56 /* XCRemoteSwiftPackageReference "swiftui-cached-async-image" */ = {
			isa = XCRemoteSwiftPackageReference;
			repositoryURL = "https://github.com/lorenzofiamingo/swiftui-cached-async-image";
			requirement = {
				kind = upToNextMajorVersion;
				minimumVersion = 2.1.1;
			};
		};
		DC3A24522B8C3F5800DB0E3F /* XCRemoteSwiftPackageReference "nvm-color" */ = {
			isa = XCRemoteSwiftPackageReference;
			repositoryURL = "https://github.com/NVMNovem/nvm-color";
			requirement = {
				kind = upToNextMajorVersion;
				minimumVersion = 1.2.5;
			};
		};
		DC42A20F2C62D36E00B1EA85 /* XCRemoteSwiftPackageReference "HighlightedTextEditor" */ = {
			isa = XCRemoteSwiftPackageReference;
			repositoryURL = "https://github.com/kyle-n/HighlightedTextEditor";
			requirement = {
				kind = upToNextMajorVersion;
				minimumVersion = 2.1.2;
			};
		};
		DC5AD7CD2E697E4B0031FC7B /* XCRemoteSwiftPackageReference "apollo-ios" */ = {
			isa = XCRemoteSwiftPackageReference;
			repositoryURL = "https://github.com/apollographql/apollo-ios";
			requirement = {
				kind = upToNextMajorVersion;
				minimumVersion = 2.4.0;
			};
		};
		DC5AD7DB2E69D6E50031FC7B /* XCRemoteSwiftPackageReference "toast-swift" */ = {
			isa = XCRemoteSwiftPackageReference;
			repositoryURL = "https://github.com/BastiaanJansen/toast-swift";
			requirement = {
				kind = upToNextMajorVersion;
				minimumVersion = 2.1.3;
			};
		};
		DCAE856F2FA0D20000F64C2B /* XCRemoteSwiftPackageReference "textual" */ = {
			isa = XCRemoteSwiftPackageReference;
			repositoryURL = "https://github.com/gonzalezreal/textual";
			requirement = {
				kind = upToNextMajorVersion;
				minimumVersion = 0.5.0;
			};
		};
		DCAE85702FA0D20000F64C2B /* XCRemoteSwiftPackageReference "MarkdownView" */ = {
			isa = XCRemoteSwiftPackageReference;
			repositoryURL = "https://github.com/keitaoouchi/MarkdownView";
			requirement = {
				kind = upToNextMajorVersion;
				minimumVersion = 2.1.0;
			};
		};
		DCAF9D9D2BC3755F001FF2E5 /* XCRemoteSwiftPackageReference "Highlightr" */ = {
			isa = XCRemoteSwiftPackageReference;
			repositoryURL = "https://github.com/raspu/Highlightr";
			requirement = {
				kind = upToNextMajorVersion;
				minimumVersion = 2.3.0;
			};
		};
		DCD2F7012F8AF9740049850E /* XCRemoteSwiftPackageReference "Alamofire" */ = {
			isa = XCRemoteSwiftPackageReference;
			repositoryURL = "https://github.com/Alamofire/Alamofire";
			requirement = {
				kind = upToNextMajorVersion;
				minimumVersion = 5.12.2;
			};
		};
/* End XCRemoteSwiftPackageReference section */

/* Begin XCSwiftPackageProductDependency section */
		DC0A6A542B8D148000C53D56 /* CachedAsyncImage */ = {
			isa = XCSwiftPackageProductDependency;
			package = DC0A6A532B8D148000C53D56 /* XCRemoteSwiftPackageReference "swiftui-cached-async-image" */;
			productName = CachedAsyncImage;
		};
		DC3A24532B8C3F5800DB0E3F /* NVMColor */ = {
			isa = XCSwiftPackageProductDependency;
			package = DC3A24522B8C3F5800DB0E3F /* XCRemoteSwiftPackageReference "nvm-color" */;
			productName = NVMColor;
		};
		DC42A2102C62D36E00B1EA85 /* HighlightedTextEditor */ = {
			isa = XCSwiftPackageProductDependency;
			package = DC42A20F2C62D36E00B1EA85 /* XCRemoteSwiftPackageReference "HighlightedTextEditor" */;
			productName = HighlightedTextEditor;
		};
		DC5AD7CE2E697E4B0031FC7B /* Apollo */ = {
			isa = XCSwiftPackageProductDependency;
			package = DC5AD7CD2E697E4B0031FC7B /* XCRemoteSwiftPackageReference "apollo-ios" */;
			productName = Apollo;
		};
		DC5AD7D02E697E4B0031FC7B /* ApolloAPI */ = {
			isa = XCSwiftPackageProductDependency;
			package = DC5AD7CD2E697E4B0031FC7B /* XCRemoteSwiftPackageReference "apollo-ios" */;
			productName = ApolloAPI;
		};
		DC5AD7D22E697E4B0031FC7B /* ApolloSQLite */ = {
			isa = XCSwiftPackageProductDependency;
			package = DC5AD7CD2E697E4B0031FC7B /* XCRemoteSwiftPackageReference "apollo-ios" */;
			productName = ApolloSQLite;
		};
		DC5AD7DC2E69D6E50031FC7B /* Toast */ = {
			isa = XCSwiftPackageProductDependency;
			package = DC5AD7DB2E69D6E50031FC7B /* XCRemoteSwiftPackageReference "toast-swift" */;
			productName = Toast;
		};
		DC7E3B430000000000000002 /* TanukiEmoji */ = {
			isa = XCSwiftPackageProductDependency;
			package = DC7E3B430000000000000001 /* XCLocalSwiftPackageReference "Emoji" */;
			productName = TanukiEmoji;
		};
		DC7E3B430000000000000003 /* TanukiEmoji */ = {
			isa = XCSwiftPackageProductDependency;
			package = DC7E3B430000000000000001 /* XCLocalSwiftPackageReference "Emoji" */;
			productName = TanukiEmoji;
		};
		DC8978212E7F514200D42E4C /* GitLabAPI */ = {
			isa = XCSwiftPackageProductDependency;
			package = DCD225022E696BC8002256F0 /* XCLocalSwiftPackageReference "GitLabAPI" */;
			productName = GitLabAPI;
		};
		DC8978232E7F515800D42E4C /* Apollo */ = {
			isa = XCSwiftPackageProductDependency;
			package = DC5AD7CD2E697E4B0031FC7B /* XCRemoteSwiftPackageReference "apollo-ios" */;
			productName = Apollo;
		};
		DC8978252E7F515800D42E4C /* ApolloAPI */ = {
			isa = XCSwiftPackageProductDependency;
			package = DC5AD7CD2E697E4B0031FC7B /* XCRemoteSwiftPackageReference "apollo-ios" */;
			productName = ApolloAPI;
		};
		DC89783C2E7F558300D42E4C /* CachedAsyncImage */ = {
			isa = XCSwiftPackageProductDependency;
			package = DC0A6A532B8D148000C53D56 /* XCRemoteSwiftPackageReference "swiftui-cached-async-image" */;
			productName = CachedAsyncImage;
		};
		DCAE856D2FA0D20000F64C2B /* Textual */ = {
			isa = XCSwiftPackageProductDependency;
			package = DCAE856F2FA0D20000F64C2B /* XCRemoteSwiftPackageReference "textual" */;
			productName = Textual;
		};
		DCAE856E2FA0D20000F64C2B /* MarkdownView */ = {
			isa = XCSwiftPackageProductDependency;
			package = DCAE85702FA0D20000F64C2B /* XCRemoteSwiftPackageReference "MarkdownView" */;
			productName = MarkdownView;
		};
		DCAF9D9E2BC3755F001FF2E5 /* Highlightr */ = {
			isa = XCSwiftPackageProductDependency;
			package = DCAF9D9D2BC3755F001FF2E5 /* XCRemoteSwiftPackageReference "Highlightr" */;
			productName = Highlightr;
		};
		DCD225032E696BC8002256F0 /* GitLabAPI */ = {
			isa = XCSwiftPackageProductDependency;
			productName = GitLabAPI;
		};
		DCD2F7022F8AF9740049850E /* Alamofire */ = {
			isa = XCSwiftPackageProductDependency;
			package = DCD2F7012F8AF9740049850E /* XCRemoteSwiftPackageReference "Alamofire" */;
			productName = Alamofire;
		};
/* End XCSwiftPackageProductDependency section */
	};
	rootObject = DC2704ED2B8BC0F9003DAA84 /* Project object */;
}
