// !$*UTF8*$!
{
	archiveVersion = 1;
	classes = {
	};
	objectVersion = 70;
	objects = {

/* Begin PBXBuildFile section */
		DC08C9552E80014E005A1979 /* NoContentView.swift in Sources */ = {isa = PBXBuildFile; fileRef = DC08C9542E80014E005A1979 /* NoContentView.swift */; };
		DC08C9572E80075F005A1979 /* ViewModifiers.swift in Sources */ = {isa = PBXBuildFile; fileRef = DC08C9562E800757005A1979 /* ViewModifiers.swift */; };
		DC08C9592E800C2E005A1979 /* LoadingView.swift in Sources */ = {isa = PBXBuildFile; fileRef = DC08C9582E800C2E005A1979 /* LoadingView.swift */; };
		DC0A6A392B8CE4FF00C53D56 /* PipelineStatus.swift in Sources */ = {isa = PBXBuildFile; fileRef = DC0A6A382B8CE4FF00C53D56 /* PipelineStatus.swift */; };
		DC0A6A412B8D03EC00C53D56 /* StateIcons.swift in Sources */ = {isa = PBXBuildFile; fileRef = DC0A6A402B8D03EC00C53D56 /* StateIcons.swift */; };
		DC0A6A4A2B8D0ABE00C53D56 /* VisibilityIcon.swift in Sources */ = {isa = PBXBuildFile; fileRef = DC0A6A492B8D0ABE00C53D56 /* VisibilityIcon.swift */; };
		DC0A6A552B8D148000C53D56 /* CachedAsyncImage in Frameworks */ = {isa = PBXBuildFile; productRef = DC0A6A542B8D148000C53D56 /* CachedAsyncImage */; };
		DC0FF5B42B8C7892002B4FAE /* ProjectIssuesLoader.swift in Sources */ = {isa = PBXBuildFile; fileRef = DC0FF5B32B8C7892002B4FAE /* ProjectIssuesLoader.swift */; };
		DC0FF5B62B8C7AFB002B4FAE /* ProjectMergeLoader.swift in Sources */ = {isa = PBXBuildFile; fileRef = DC0FF5B52B8C7AFB002B4FAE /* ProjectMergeLoader.swift */; };
		DC13E8A32B8DE32400994E8A /* IssueLoader.swift in Sources */ = {isa = PBXBuildFile; fileRef = DC13E8A22B8DE32400994E8A /* IssueLoader.swift */; };
		DC13E8A82B8E073300994E8A /* HomeView.swift in Sources */ = {isa = PBXBuildFile; fileRef = DC13E8A72B8E073300994E8A /* HomeView.swift */; };
		DC1C37F62B99BACC005B7D7A /* MilestonesLoader.swift in Sources */ = {isa = PBXBuildFile; fileRef = DC1C37F52B99BACC005B7D7A /* MilestonesLoader.swift */; };
		DC1D0FF52B99469900B6F5D7 /* LabelsLoader.swift in Sources */ = {isa = PBXBuildFile; fileRef = DC1D0FF42B99469900B6F5D7 /* LabelsLoader.swift */; };
		DC1D0FFE2B994FDD00B6F5D7 /* TimelogsLoader.swift in Sources */ = {isa = PBXBuildFile; fileRef = DC1D0FFD2B994FDD00B6F5D7 /* TimelogsLoader.swift */; };
		DC1D10002B995FD200B6F5D7 /* UserIssuesLoader.swift in Sources */ = {isa = PBXBuildFile; fileRef = DC1D0FFF2B995FD200B6F5D7 /* UserIssuesLoader.swift */; };
		DC1D10062B996C5300B6F5D7 /* SmallIssueView.swift in Sources */ = {isa = PBXBuildFile; fileRef = DC1D10052B996C5300B6F5D7 /* SmallIssueView.swift */; };
		DC1D100A2B996FCE00B6F5D7 /* GroupIssuesLoader.swift in Sources */ = {isa = PBXBuildFile; fileRef = DC1D10092B996FCE00B6F5D7 /* GroupIssuesLoader.swift */; };
		DC1D100E2B9975E000B6F5D7 /* ProjectPipelinesLoader.swift in Sources */ = {isa = PBXBuildFile; fileRef = DC1D100D2B9975E000B6F5D7 /* ProjectPipelinesLoader.swift */; };
		DC217DCE2B8FB9F100F081BC /* UserSnippetsLoader.swift in Sources */ = {isa = PBXBuildFile; fileRef = DC217DCD2B8FB9F100F081BC /* UserSnippetsLoader.swift */; };
		DC217DD12B8FBA2200F081BC /* SnippetLoader.swift in Sources */ = {isa = PBXBuildFile; fileRef = DC217DD02B8FBA2200F081BC /* SnippetLoader.swift */; };
		DC217DD32B8FCC8A00F081BC /* Haptics.swift in Sources */ = {isa = PBXBuildFile; fileRef = DC217DD22B8FCC8A00F081BC /* Haptics.swift */; };
		DC217DDD2B8FD30700F081BC /* GroupLoader.swift in Sources */ = {isa = PBXBuildFile; fileRef = DC217DDC2B8FD30700F081BC /* GroupLoader.swift */; };
		DC217DDF2B8FD34600F081BC /* UserGroupsLoader.swift in Sources */ = {isa = PBXBuildFile; fileRef = DC217DDE2B8FD34600F081BC /* UserGroupsLoader.swift */; };
		DC21AA752B90385800976E64 /* CurrentUserLoader.swift in Sources */ = {isa = PBXBuildFile; fileRef = DC21AA742B90385800976E64 /* CurrentUserLoader.swift */; };
		DC21AA772B903ECA00976E64 /* UserView.swift in Sources */ = {isa = PBXBuildFile; fileRef = DC21AA762B903ECA00976E64 /* UserView.swift */; };
		DC21AA7F2B906FF400976E64 /* UserLoader.swift in Sources */ = {isa = PBXBuildFile; fileRef = DC21AA7E2B906FF400976E64 /* UserLoader.swift */; };
		DC2511E22E7F4C7E0021371C /* Tanuki Watch App.app in Embed Watch Content */ = {isa = PBXBuildFile; fileRef = DC2511D82E7F4C7D0021371C /* Tanuki Watch App.app */; platformFilter = ios; settings = {ATTRIBUTES = (RemoveHeadersOnCopy, ); }; };
		DC2704F92B8BC0F9003DAA84 /* TanukiApp.swift in Sources */ = {isa = PBXBuildFile; fileRef = DC2704F82B8BC0F9003DAA84 /* TanukiApp.swift */; };
		DC2704FD2B8BC0FB003DAA84 /* Assets.xcassets in Resources */ = {isa = PBXBuildFile; fileRef = DC2704FC2B8BC0FB003DAA84 /* Assets.xcassets */; };
		DC2705012B8BC0FB003DAA84 /* Preview Assets.xcassets in Resources */ = {isa = PBXBuildFile; fileRef = DC2705002B8BC0FB003DAA84 /* Preview Assets.xcassets */; };
		DC2705112B8BC507003DAA84 /* Network.swift in Sources */ = {isa = PBXBuildFile; fileRef = DC2705102B8BC507003DAA84 /* Network.swift */; };
		DC2973132E7FF3FF00CEFA0D /* NewMilestoneView.swift in Sources */ = {isa = PBXBuildFile; fileRef = DC2973122E7FF3FF00CEFA0D /* NewMilestoneView.swift */; };
		DC2D65E52E7EF510007A800C /* ExploreView.swift in Sources */ = {isa = PBXBuildFile; fileRef = DC2D65E42E7EF510007A800C /* ExploreView.swift */; };
		DC2D65E72E7EFC74007A800C /* AsyncButton.swift in Sources */ = {isa = PBXBuildFile; fileRef = DC2D65E62E7EFC74007A800C /* AsyncButton.swift */; };
		DC2D65E92E7F03A6007A800C /* NewLabelView.swift in Sources */ = {isa = PBXBuildFile; fileRef = DC2D65E82E7F03A6007A800C /* NewLabelView.swift */; };
		DC2D65EB2E7F0AEC007A800C /* NewMemberView.swift in Sources */ = {isa = PBXBuildFile; fileRef = DC2D65EA2E7F0AEC007A800C /* NewMemberView.swift */; };
		DC2D65ED2E7F0DEA007A800C /* NewReleaseView.swift in Sources */ = {isa = PBXBuildFile; fileRef = DC2D65EC2E7F0DEA007A800C /* NewReleaseView.swift */; };
		DC31F2792E71CD96005F31A2 /* NewProjectView.swift in Sources */ = {isa = PBXBuildFile; fileRef = DC31F2782E71CD96005F31A2 /* NewProjectView.swift */; };
		DC31F27E2E721686005F31A2 /* ProjectHeaderView.swift in Sources */ = {isa = PBXBuildFile; fileRef = DC31F27D2E721686005F31A2 /* ProjectHeaderView.swift */; };
		DC31F2812E72221E005F31A2 /* NewIssueView.swift in Sources */ = {isa = PBXBuildFile; fileRef = DC31F2802E72221E005F31A2 /* NewIssueView.swift */; };
		DC3276632B9B503500B51EEE /* CurrentUserTodosLoader.swift in Sources */ = {isa = PBXBuildFile; fileRef = DC3276622B9B503500B51EEE /* CurrentUserTodosLoader.swift */; };
		DC3276652B9B503C00B51EEE /* UserTodosLoader.swift in Sources */ = {isa = PBXBuildFile; fileRef = DC3276642B9B503C00B51EEE /* UserTodosLoader.swift */; };
		DC386A952B8D5FB2002E5F6D /* MergeRequestLoader.swift in Sources */ = {isa = PBXBuildFile; fileRef = DC386A942B8D5FB2002E5F6D /* MergeRequestLoader.swift */; };
		DC386A9A2B8D86C4002E5F6D /* NoteView.swift in Sources */ = {isa = PBXBuildFile; fileRef = DC386A992B8D86C4002E5F6D /* NoteView.swift */; };
		DC39B0FA2E9C39510036F8D7 /* TanukiIcon.icon in Resources */ = {isa = PBXBuildFile; fileRef = DC39B0F92E9C39510036F8D7 /* TanukiIcon.icon */; };
		DC39B0FB2E9C39510036F8D7 /* TanukiIcon.icon in Resources */ = {isa = PBXBuildFile; fileRef = DC39B0F92E9C39510036F8D7 /* TanukiIcon.icon */; };
		DC39B0FE2E9C45780036F8D7 /* GraphFilter.swift in Sources */ = {isa = PBXBuildFile; fileRef = DC39B0FD2E9C45780036F8D7 /* GraphFilter.swift */; };
		DC3A244D2B8C37BF00DB0E3F /* ProjectLoader.swift in Sources */ = {isa = PBXBuildFile; fileRef = DC3A244C2B8C37BF00DB0E3F /* ProjectLoader.swift */; };
		DC3A244F2B8C3B8100DB0E3F /* Utils.swift in Sources */ = {isa = PBXBuildFile; fileRef = DC3A244E2B8C3B8100DB0E3F /* Utils.swift */; };
		DC3A24512B8C3E1A00DB0E3F /* AvatarImage.swift in Sources */ = {isa = PBXBuildFile; fileRef = DC3A24502B8C3E1A00DB0E3F /* AvatarImage.swift */; };
		DC3A24542B8C3F5800DB0E3F /* NVMColor in Frameworks */ = {isa = PBXBuildFile; productRef = DC3A24532B8C3F5800DB0E3F /* NVMColor */; };
		DC3A24562B8C4C2200DB0E3F /* PillView.swift in Sources */ = {isa = PBXBuildFile; fileRef = DC3A24552B8C4C2200DB0E3F /* PillView.swift */; };
		DC3A245E2B8C557E00DB0E3F /* RoundIconButton.swift in Sources */ = {isa = PBXBuildFile; fileRef = DC3A245D2B8C557E00DB0E3F /* RoundIconButton.swift */; };
		DC42A2112C62D36E00B1EA85 /* HighlightedTextEditor in Frameworks */ = {isa = PBXBuildFile; productRef = DC42A2102C62D36E00B1EA85 /* HighlightedTextEditor */; };
		DC463BBA2B941970005CA5FB /* UserStarredProjectsLoader.swift in Sources */ = {isa = PBXBuildFile; fileRef = DC463BB92B941970005CA5FB /* UserStarredProjectsLoader.swift */; };
		DC4B42892BA5609A007A9DB1 /* FileLoader.swift in Sources */ = {isa = PBXBuildFile; fileRef = DC4B42882BA5609A007A9DB1 /* FileLoader.swift */; };
		DC4B428B2BA560B0007A9DB1 /* TreeLoader.swift in Sources */ = {isa = PBXBuildFile; fileRef = DC4B428A2BA560B0007A9DB1 /* TreeLoader.swift */; };
		DC4B428D2BA561E7007A9DB1 /* CommitsLoader.swift in Sources */ = {isa = PBXBuildFile; fileRef = DC4B428C2BA561E7007A9DB1 /* CommitsLoader.swift */; };
		DC4B428F2BA56213007A9DB1 /* CommitSignatureLoader.swift in Sources */ = {isa = PBXBuildFile; fileRef = DC4B428E2BA56213007A9DB1 /* CommitSignatureLoader.swift */; };
		DC4B42962BA56968007A9DB1 /* BranchesLoader.swift in Sources */ = {isa = PBXBuildFile; fileRef = DC4B42952BA56968007A9DB1 /* BranchesLoader.swift */; };
		DC4B429A2BA56EA6007A9DB1 /* TagsLoader.swift in Sources */ = {isa = PBXBuildFile; fileRef = DC4B42992BA56EA6007A9DB1 /* TagsLoader.swift */; };
		DC4D10122E72E78F0001B54E /* ConfigView.swift in Sources */ = {isa = PBXBuildFile; fileRef = DC4D10112E72E78F0001B54E /* ConfigView.swift */; };
		DC4DBAF32E841B5000AE4C60 /* EncodingHelper.swift in Sources */ = {isa = PBXBuildFile; fileRef = DC4DBAF22E841B4E00AE4C60 /* EncodingHelper.swift */; };
		DC5AD7CF2E697E4B0031FC7B /* Apollo in Frameworks */ = {isa = PBXBuildFile; productRef = DC5AD7CE2E697E4B0031FC7B /* Apollo */; };
		DC5AD7D12E697E4B0031FC7B /* ApolloAPI in Frameworks */ = {isa = PBXBuildFile; productRef = DC5AD7D02E697E4B0031FC7B /* ApolloAPI */; };
		DC5AD7D32E697E4B0031FC7B /* ApolloSQLite in Frameworks */ = {isa = PBXBuildFile; productRef = DC5AD7D22E697E4B0031FC7B /* ApolloSQLite */; };
		DC5AD7DA2E69D40B0031FC7B /* FailedView.swift in Sources */ = {isa = PBXBuildFile; fileRef = DC5AD7D92E69D40B0031FC7B /* FailedView.swift */; };
		DC5AD7DD2E69D6E50031FC7B /* Toast in Frameworks */ = {isa = PBXBuildFile; productRef = DC5AD7DC2E69D6E50031FC7B /* Toast */; };
		DC5F37082B91A1D100BF7F9D /* AuthorView.swift in Sources */ = {isa = PBXBuildFile; fileRef = DC5F37072B91A1D100BF7F9D /* AuthorView.swift */; };
		DC69F14D2B956ED300F09269 /* MembersLoader.swift in Sources */ = {isa = PBXBuildFile; fileRef = DC69F14C2B956ED300F09269 /* MembersLoader.swift */; };
		DC69F1502B95703900F09269 /* PopupHeader.swift in Sources */ = {isa = PBXBuildFile; fileRef = DC69F14F2B95703900F09269 /* PopupHeader.swift */; };
		DC69F1542B95A2DE00F09269 /* ProjectReleasesLoader.swift in Sources */ = {isa = PBXBuildFile; fileRef = DC69F1532B95A2DE00F09269 /* ProjectReleasesLoader.swift */; };
		DC6C5D982B8F085A00587850 /* SmallProjectView.swift in Sources */ = {isa = PBXBuildFile; fileRef = DC6C5D972B8F085A00587850 /* SmallProjectView.swift */; };
		DC6C5D9A2B8F089D00587850 /* GraphTypes.swift in Sources */ = {isa = PBXBuildFile; fileRef = DC6C5D992B8F089D00587850 /* GraphTypes.swift */; };
		DC6C5DA52B8F0A3300587850 /* SmallMergeView.swift in Sources */ = {isa = PBXBuildFile; fileRef = DC6C5DA42B8F0A3300587850 /* SmallMergeView.swift */; };
		DC6C5DAD2B8F10D500587850 /* UserMergeLoader.swift in Sources */ = {isa = PBXBuildFile; fileRef = DC6C5DAC2B8F10D500587850 /* UserMergeLoader.swift */; };
		DC7A7FA72BA5D0D600E128B1 /* SetupView.swift in Sources */ = {isa = PBXBuildFile; fileRef = DC7A7FA62BA5D0D600E128B1 /* SetupView.swift */; };
		DC7E3B430000000000000004 /* TanukiEmoji in Frameworks */ = {isa = PBXBuildFile; productRef = DC7E3B430000000000000002 /* TanukiEmoji */; };
		DC7E3B430000000000000005 /* TanukiEmoji in Frameworks */ = {isa = PBXBuildFile; productRef = DC7E3B430000000000000003 /* TanukiEmoji */; };
		DC867DF02ED3255600D4B03C /* CookiesView.swift in Sources */ = {isa = PBXBuildFile; fileRef = DC867DEF2ED3255600D4B03C /* CookiesView.swift */; };
		DC867DF22ED3258F00D4B03C /* SettingsView.swift in Sources */ = {isa = PBXBuildFile; fileRef = DC867DF12ED3258F00D4B03C /* SettingsView.swift */; };
		DC867DF72ED330FA00D4B03C /* FeedbackView.swift in Sources */ = {isa = PBXBuildFile; fileRef = DC867DF62ED330FA00D4B03C /* FeedbackView.swift */; };
		DC867DF92ED3346E00D4B03C /* ClipboardAccess.swift in Sources */ = {isa = PBXBuildFile; fileRef = DC867DF82ED3346E00D4B03C /* ClipboardAccess.swift */; };
		DC8978222E7F514200D42E4C /* GitLabAPI in Frameworks */ = {isa = PBXBuildFile; productRef = DC8978212E7F514200D42E4C /* GitLabAPI */; };
		DC8978242E7F515800D42E4C /* Apollo in Frameworks */ = {isa = PBXBuildFile; productRef = DC8978232E7F515800D42E4C /* Apollo */; };
		DC8978262E7F515800D42E4C /* ApolloAPI in Frameworks */ = {isa = PBXBuildFile; productRef = DC8978252E7F515800D42E4C /* ApolloAPI */; };
		DC89783D2E7F558300D42E4C /* CachedAsyncImage in Frameworks */ = {isa = PBXBuildFile; productRef = DC89783C2E7F558300D42E4C /* CachedAsyncImage */; };
		DC961C6F2E9E9BE80076D49F /* MergeButton.swift in Sources */ = {isa = PBXBuildFile; fileRef = DC961C6E2E9E9BE80076D49F /* MergeButton.swift */; };
		DCA43B2D2F462F6B00481922 /* AppStoreReview.swift in Sources */ = {isa = PBXBuildFile; fileRef = DCA43B2C2F462F6B00481922 /* AppStoreReview.swift */; };
		DCA43B2F2F4636DD00481922 /* NewNoteView.swift in Sources */ = {isa = PBXBuildFile; fileRef = DCA43B2E2F4636DD00481922 /* NewNoteView.swift */; };
		DCAA7E3A2E9B0C860078DB8E /* GroupsLoader.swift in Sources */ = {isa = PBXBuildFile; fileRef = DCAA7E392E9B0C860078DB8E /* GroupsLoader.swift */; };
		DCAA7E3C2E9B0F4F0078DB8E /* SmallGroupView.swift in Sources */ = {isa = PBXBuildFile; fileRef = DCAA7E3B2E9B0F4F0078DB8E /* SmallGroupView.swift */; };
		DCAA7E3E2E9B169F0078DB8E /* UsersLoader.swift in Sources */ = {isa = PBXBuildFile; fileRef = DCAA7E3D2E9B169F0078DB8E /* UsersLoader.swift */; };
		DCAE85642FA0D1F700F64C2B /* SessionStore.swift in Sources */ = {isa = PBXBuildFile; fileRef = DCAE85632FA0D1F700F64C2B /* SessionStore.swift */; };
		DCAE85672FA0D1F900F64C2B /* JumpURL.swift in Sources */ = {isa = PBXBuildFile; fileRef = DCAE85682FA0D1F900F64C2B /* JumpURL.swift */; };
		DCAE85692FA0D1FA00F64C2B /* PersistedCookies.swift in Sources */ = {isa = PBXBuildFile; fileRef = DCAE856A2FA0D1FA00F64C2B /* PersistedCookies.swift */; };
		DCAE856B2FA0D20000F64C2B /* Textual in Frameworks */ = {isa = PBXBuildFile; productRef = DCAE856D2FA0D20000F64C2B /* Textual */; };
		DCAE856C2FA0D20000F64C2B /* MarkdownView in Frameworks */ = {isa = PBXBuildFile; productRef = DCAE856E2FA0D20000F64C2B /* MarkdownView */; };
		DCAE85712FA0D30000F64C2B /* Markdown.swift in Sources */ = {isa = PBXBuildFile; fileRef = DCAE85722FA0D30000F64C2B /* Markdown.swift */; };
		DCAE85732FA0D30000F64C2B /* SettingsKey.swift in Sources */ = {isa = PBXBuildFile; fileRef = DCAE85742FA0D30000F64C2B /* SettingsKey.swift */; };
		DCAF9D9F2BC3755F001FF2E5 /* Highlightr in Frameworks */ = {isa = PBXBuildFile; productRef = DCAF9D9E2BC3755F001FF2E5 /* Highlightr */; };
		DCB24D132F8C0C9E00C38FEF /* InstancesView.swift in Sources */ = {isa = PBXBuildFile; fileRef = DCB24D122F8C0C9E00C38FEF /* InstancesView.swift */; };
		DCB5E0D62B96C63A000F67FB /* CustomEmojisLoader.swift in Sources */ = {isa = PBXBuildFile; fileRef = DCB5E0D52B96C63A000F67FB /* CustomEmojisLoader.swift */; };
		DCB5E0DA2B96CD33000F67FB /* GroupMergeLoader.swift in Sources */ = {isa = PBXBuildFile; fileRef = DCB5E0D92B96CD33000F67FB /* GroupMergeLoader.swift */; };
		DCB6B6352BB7063B006C8437 /* DiffsStatsLoader.swift in Sources */ = {isa = PBXBuildFile; fileRef = DCB6B6342BB7063B006C8437 /* DiffsStatsLoader.swift */; };
		DCB6B6372BB70CD8006C8437 /* MrCommitsLoader.swift in Sources */ = {isa = PBXBuildFile; fileRef = DCB6B6362BB70CD8006C8437 /* MrCommitsLoader.swift */; };
		DCB6B6392BB70F9C006C8437 /* SmallCommitView.swift in Sources */ = {isa = PBXBuildFile; fileRef = DCB6B6382BB70F9C006C8437 /* SmallCommitView.swift */; };
		DCB9660B2EAEC535004D3CFA /* IssueFilter.swift in Sources */ = {isa = PBXBuildFile; fileRef = DCB9660A2EAEC535004D3CFA /* IssueFilter.swift */; };
		DCB9660D2EAEC535004D3CFA /* MergeRequestFilter.swift in Sources */ = {isa = PBXBuildFile; fileRef = DCB9660C2EAEC535004D3CFA /* MergeRequestFilter.swift */; };
		DCBC8B402F2C01DD00700380 /* Settings.bundle in Resources */ = {isa = PBXBuildFile; fileRef = DCBC8B3F2F2C01DD00700380 /* Settings.bundle */; };
		DCBC8B412F2C01DD00700380 /* Settings.bundle in Resources */ = {isa = PBXBuildFile; fileRef = DCBC8B3F2F2C01DD00700380 /* Settings.bundle */; };
		DCBC8B442F2C05F300700380 /* UpdateStatusView.swift in Sources */ = {isa = PBXBuildFile; fileRef = DCBC8B432F2C05F300700380 /* UpdateStatusView.swift */; };
		DCC54EBF2E9AB16E005B9CE3 /* ProjectsLoader.swift in Sources */ = {isa = PBXBuildFile; fileRef = DCC54EBE2E9AB16E005B9CE3 /* ProjectsLoader.swift */; };
		DCC95E572BC5274B0040D657 /* ContributionsLoader.swift in Sources */ = {isa = PBXBuildFile; fileRef = DCC95E562BC5274B0040D657 /* ContributionsLoader.swift */; };
		DCCB5D8D2B9C0E8300D5D70A /* TodoView.swift in Sources */ = {isa = PBXBuildFile; fileRef = DCCB5D8C2B9C0E8300D5D70A /* TodoView.swift */; };
		DCD225042E696BC8002256F0 /* GitLabAPI in Frameworks */ = {isa = PBXBuildFile; productRef = DCD225032E696BC8002256F0 /* GitLabAPI */; };
		DCD2F7032F8AF9740049850E /* Alamofire in Frameworks */ = {isa = PBXBuildFile; productRef = DCD2F7022F8AF9740049850E /* Alamofire */; };
		DCD40E182BC2B2960055EE4C /* FileExtensions.swift in Sources */ = {isa = PBXBuildFile; fileRef = DCD40E172BC2B2960055EE4C /* FileExtensions.swift */; };
		DCD40E1A2BC2C6600055EE4C /* DiffLoader.swift in Sources */ = {isa = PBXBuildFile; fileRef = DCD40E192BC2C6600055EE4C /* DiffLoader.swift */; };
		DCD40E222BC2E5CC0055EE4C /* CodeTextView.swift in Sources */ = {isa = PBXBuildFile; fileRef = DCD40E212BC2E5CC0055EE4C /* CodeTextView.swift */; };
		DCD4BF722E8F31D200F153B6 /* Auth.swift in Sources */ = {isa = PBXBuildFile; fileRef = DCD4BF712E8F31D000F153B6 /* Auth.swift */; };
		DCEA00022ED4000100A1B001 /* GroupProjectsLoader.swift in Sources */ = {isa = PBXBuildFile; fileRef = DCEA00012ED4000100A1B001 /* GroupProjectsLoader.swift */; };
		DCEA00042ED4000100A1B002 /* UserProjectsLoader.swift in Sources */ = {isa = PBXBuildFile; fileRef = DCEA00032ED4000100A1B002 /* UserProjectsLoader.swift */; };
		DCEB20B42BD61A9A00393A44 /* Notify.swift in Sources */ = {isa = PBXBuildFile; fileRef = DCEB20B32BD61A9A00393A44 /* Notify.swift */; };
		DCEF31932E907C4C00337458 /* CacheView.swift in Sources */ = {isa = PBXBuildFile; fileRef = DCEF31922E907C4C00337458 /* CacheView.swift */; };
		DCEFB2672B94C29600F4B245 /* EventsLoader.swift in Sources */ = {isa = PBXBuildFile; fileRef = DCEFB2662B94C29600F4B245 /* EventsLoader.swift */; };
		DCEFB2692B94C2C100F4B245 /* RestTypes.swift in Sources */ = {isa = PBXBuildFile; fileRef = DCEFB2682B94C2C100F4B245 /* RestTypes.swift */; };
		DCEFB26B2B94C37600F4B245 /* API.swift in Sources */ = {isa = PBXBuildFile; fileRef = DCEFB26A2B94C37600F4B245 /* API.swift */; };
		DCF1A0B22E9C4A0100A11E01 /* PDFPreview.swift in Sources */ = {isa = PBXBuildFile; fileRef = DCF1A0B12E9C4A0100A11E01 /* PDFPreview.swift */; };
/* End PBXBuildFile section */

/* Begin PBXContainerItemProxy section */
		DC2511E02E7F4C7E0021371C /* PBXContainerItemProxy */ = {
			isa = PBXContainerItemProxy;
			containerPortal = DC2704ED2B8BC0F9003DAA84 /* Project object */;
			proxyType = 1;
			remoteGlobalIDString = DC2511D72E7F4C7D0021371C;
			remoteInfo = "Tanuki Watch Watch App";
		};
/* End PBXContainerItemProxy section */

/* Begin PBXCopyFilesBuildPhase section */
		DC2511E62E7F4C7E0021371C /* Embed Watch Content */ = {
			isa = PBXCopyFilesBuildPhase;
			buildActionMask = 2147483647;
			dstPath = "$(CONTENTS_FOLDER_PATH)/Watch";
			dstSubfolderSpec = 16;
			files = (
				DC2511E22E7F4C7E0021371C /* Tanuki Watch App.app in Embed Watch Content */,
			);
			name = "Embed Watch Content";
			runOnlyForDeploymentPostprocessing = 0;
		};
/* End PBXCopyFilesBuildPhase section */

/* Begin PBXFileReference section */
		DC08C9542E80014E005A1979 /* NoContentView.swift */ = {isa = PBXFileReference; lastKnownFileType = sourcecode.swift; path = NoContentView.swift; sourceTree = "<group>"; };
		DC08C9562E800757005A1979 /* ViewModifiers.swift */ = {isa = PBXFileReference; lastKnownFileType = sourcecode.swift; path = ViewModifiers.swift; sourceTree = "<group>"; };
		DC08C9582E800C2E005A1979 /* LoadingView.swift */ = {isa = PBXFileReference; lastKnownFileType = sourcecode.swift; path = LoadingView.swift; sourceTree = "<group>"; };
		DC0A6A382B8CE4FF00C53D56 /* PipelineStatus.swift */ = {isa = PBXFileReference; lastKnownFileType = sourcecode.swift; path = PipelineStatus.swift; sourceTree = "<group>"; };
		DC0A6A402B8D03EC00C53D56 /* StateIcons.swift */ = {isa = PBXFileReference; lastKnownFileType = sourcecode.swift; path = StateIcons.swift; sourceTree = "<group>"; };
		DC0A6A492B8D0ABE00C53D56 /* VisibilityIcon.swift */ = {isa = PBXFileReference; lastKnownFileType = sourcecode.swift; path = VisibilityIcon.swift; sourceTree = "<group>"; };
		DC0FF5B32B8C7892002B4FAE /* ProjectIssuesLoader.swift */ = {isa = PBXFileReference; lastKnownFileType = sourcecode.swift; path = ProjectIssuesLoader.swift; sourceTree = "<group>"; };
		DC0FF5B52B8C7AFB002B4FAE /* ProjectMergeLoader.swift */ = {isa = PBXFileReference; lastKnownFileType = sourcecode.swift; path = ProjectMergeLoader.swift; sourceTree = "<group>"; };
		DC13E8A22B8DE32400994E8A /* IssueLoader.swift */ = {isa = PBXFileReference; lastKnownFileType = sourcecode.swift; path = IssueLoader.swift; sourceTree = "<group>"; };
		DC13E8A72B8E073300994E8A /* HomeView.swift */ = {isa = PBXFileReference; lastKnownFileType = sourcecode.swift; path = HomeView.swift; sourceTree = "<group>"; };
		DC1C37F52B99BACC005B7D7A /* MilestonesLoader.swift */ = {isa = PBXFileReference; lastKnownFileType = sourcecode.swift; path = MilestonesLoader.swift; sourceTree = "<group>"; };
		DC1D0FF42B99469900B6F5D7 /* LabelsLoader.swift */ = {isa = PBXFileReference; lastKnownFileType = sourcecode.swift; path = LabelsLoader.swift; sourceTree = "<group>"; };
		DC1D0FFD2B994FDD00B6F5D7 /* TimelogsLoader.swift */ = {isa = PBXFileReference; lastKnownFileType = sourcecode.swift; path = TimelogsLoader.swift; sourceTree = "<group>"; };
		DC1D0FFF2B995FD200B6F5D7 /* UserIssuesLoader.swift */ = {isa = PBXFileReference; lastKnownFileType = sourcecode.swift; path = UserIssuesLoader.swift; sourceTree = "<group>"; };
		DC1D10052B996C5300B6F5D7 /* SmallIssueView.swift */ = {isa = PBXFileReference; lastKnownFileType = sourcecode.swift; path = SmallIssueView.swift; sourceTree = "<group>"; };
		DC1D10092B996FCE00B6F5D7 /* GroupIssuesLoader.swift */ = {isa = PBXFileReference; lastKnownFileType = sourcecode.swift; path = GroupIssuesLoader.swift; sourceTree = "<group>"; };
		DC1D100D2B9975E000B6F5D7 /* ProjectPipelinesLoader.swift */ = {isa = PBXFileReference; lastKnownFileType = sourcecode.swift; path = ProjectPipelinesLoader.swift; sourceTree = "<group>"; };
		DC217DCD2B8FB9F100F081BC /* UserSnippetsLoader.swift */ = {isa = PBXFileReference; lastKnownFileType = sourcecode.swift; path = UserSnippetsLoader.swift; sourceTree = "<group>"; };
		DC217DD02B8FBA2200F081BC /* SnippetLoader.swift */ = {isa = PBXFileReference; lastKnownFileType = sourcecode.swift; path = SnippetLoader.swift; sourceTree = "<group>"; };
		DC217DD22B8FCC8A00F081BC /* Haptics.swift */ = {isa = PBXFileReference; lastKnownFileType = sourcecode.swift; path = Haptics.swift; sourceTree = "<group>"; };
		DC217DDC2B8FD30700F081BC /* GroupLoader.swift */ = {isa = PBXFileReference; lastKnownFileType = sourcecode.swift; path = GroupLoader.swift; sourceTree = "<group>"; };
		DC217DDE2B8FD34600F081BC /* UserGroupsLoader.swift */ = {isa = PBXFileReference; lastKnownFileType = sourcecode.swift; path = UserGroupsLoader.swift; sourceTree = "<group>"; };
		DC21AA742B90385800976E64 /* CurrentUserLoader.swift */ = {isa = PBXFileReference; lastKnownFileType = sourcecode.swift; path = CurrentUserLoader.swift; sourceTree = "<group>"; };
		DC21AA762B903ECA00976E64 /* UserView.swift */ = {isa = PBXFileReference; lastKnownFileType = sourcecode.swift; path = UserView.swift; sourceTree = "<group>"; };
		DC21AA7E2B906FF400976E64 /* UserLoader.swift */ = {isa = PBXFileReference; lastKnownFileType = sourcecode.swift; path = UserLoader.swift; sourceTree = "<group>"; };
		DC2511D82E7F4C7D0021371C /* Tanuki Watch App.app */ = {isa = PBXFileReference; explicitFileType = wrapper.application; includeInIndex = 0; path = "Tanuki Watch App.app"; sourceTree = BUILT_PRODUCTS_DIR; };
		DC2704F52B8BC0F9003DAA84 /* Tanuki.app */ = {isa = PBXFileReference; explicitFileType = wrapper.application; includeInIndex = 0; path = Tanuki.app; sourceTree = BUILT_PRODUCTS_DIR; };
		DC2704F82B8BC0F9003DAA84 /* TanukiApp.swift */ = {isa = PBXFileReference; lastKnownFileType = sourcecode.swift; path = TanukiApp.swift; sourceTree = "<group>"; };
		DC2704FC2B8BC0FB003DAA84 /* Assets.xcassets */ = {isa = PBXFileReference; lastKnownFileType = folder.assetcatalog; path = Assets.xcassets; sourceTree = "<group>"; };
		DC2704FE2B8BC0FB003DAA84 /* Tanuki.entitlements */ = {isa = PBXFileReference; lastKnownFileType = text.plist.entitlements; path = Tanuki.entitlements; sourceTree = "<group>"; };
		DC2705002B8BC0FB003DAA84 /* Preview Assets.xcassets */ = {isa = PBXFileReference; lastKnownFileType = folder.assetcatalog; path = "Preview Assets.xcassets"; sourceTree = "<group>"; };
		DC2705102B8BC507003DAA84 /* Network.swift */ = {isa = PBXFileReference; lastKnownFileType = sourcecode.swift; path = Network.swift; sourceTree = "<group>"; };
		DC2973122E7FF3FF00CEFA0D /* NewMilestoneView.swift */ = {isa = PBXFileReference; lastKnownFileType = sourcecode.swift; path = NewMilestoneView.swift; sourceTree = "<group>"; };
		DC2D65E42E7EF510007A800C /* ExploreView.swift */ = {isa = PBXFileReference; lastKnownFileType = sourcecode.swift; path = ExploreView.swift; sourceTree = "<group>"; };
		DC2D65E62E7EFC74007A800C /* AsyncButton.swift */ = {isa = PBXFileReference; lastKnownFileType = sourcecode.swift; path = AsyncButton.swift; sourceTree = "<group>"; };
		DC2D65E82E7F03A6007A800C /* NewLabelView.swift */ = {isa = PBXFileReference; lastKnownFileType = sourcecode.swift; path = NewLabelView.swift; sourceTree = "<group>"; };
		DC2D65EA2E7F0AEC007A800C /* NewMemberView.swift */ = {isa = PBXFileReference; lastKnownFileType = sourcecode.swift; path = NewMemberView.swift; sourceTree = "<group>"; };
		DC2D65EC2E7F0DEA007A800C /* NewReleaseView.swift */ = {isa = PBXFileReference; lastKnownFileType = sourcecode.swift; path = NewReleaseView.swift; sourceTree = "<group>"; };
		DC31F2782E71CD96005F31A2 /* NewProjectView.swift */ = {isa = PBXFileReference; lastKnownFileType = sourcecode.swift; path = NewProjectView.swift; sourceTree = "<group>"; };
		DC31F27D2E721686005F31A2 /* ProjectHeaderView.swift */ = {isa = PBXFileReference; lastKnownFileType = sourcecode.swift; path = ProjectHeaderView.swift; sourceTree = "<group>"; };
		DC31F2802E72221E005F31A2 /* NewIssueView.swift */ = {isa = PBXFileReference; lastKnownFileType = sourcecode.swift; path = NewIssueView.swift; sourceTree = "<group>"; };
		DC3276622B9B503500B51EEE /* CurrentUserTodosLoader.swift */ = {isa = PBXFileReference; lastKnownFileType = sourcecode.swift; path = CurrentUserTodosLoader.swift; sourceTree = "<group>"; };
		DC3276642B9B503C00B51EEE /* UserTodosLoader.swift */ = {isa = PBXFileReference; lastKnownFileType = sourcecode.swift; path = UserTodosLoader.swift; sourceTree = "<group>"; };
		DC386A942B8D5FB2002E5F6D /* MergeRequestLoader.swift */ = {isa = PBXFileReference; lastKnownFileType = sourcecode.swift; path = MergeRequestLoader.swift; sourceTree = "<group>"; };
		DC386A992B8D86C4002E5F6D /* NoteView.swift */ = {isa = PBXFileReference; lastKnownFileType = sourcecode.swift; path = NoteView.swift; sourceTree = "<group>"; };
		DC39B0F92E9C39510036F8D7 /* TanukiIcon.icon */ = {isa = PBXFileReference; lastKnownFileType = folder.iconcomposer.icon; path = TanukiIcon.icon; sourceTree = "<group>"; };
		DC39B0FD2E9C45780036F8D7 /* GraphFilter.swift */ = {isa = PBXFileReference; lastKnownFileType = sourcecode.swift; path = GraphFilter.swift; sourceTree = "<group>"; };
		DC3A244C2B8C37BF00DB0E3F /* ProjectLoader.swift */ = {isa = PBXFileReference; lastKnownFileType = sourcecode.swift; path = ProjectLoader.swift; sourceTree = "<group>"; };
		DC3A244E2B8C3B8100DB0E3F /* Utils.swift */ = {isa = PBXFileReference; lastKnownFileType = sourcecode.swift; path = Utils.swift; sourceTree = "<group>"; };
		DC3A24502B8C3E1A00DB0E3F /* AvatarImage.swift */ = {isa = PBXFileReference; lastKnownFileType = sourcecode.swift; path = AvatarImage.swift; sourceTree = "<group>"; };
		DC3A24552B8C4C2200DB0E3F /* PillView.swift */ = {isa = PBXFileReference; lastKnownFileType = sourcecode.swift; path = PillView.swift; sourceTree = "<group>"; };
		DC3A245D2B8C557E00DB0E3F /* RoundIconButton.swift */ = {isa = PBXFileReference; lastKnownFileType = sourcecode.swift; path = RoundIconButton.swift; sourceTree = "<group>"; };
		DC463BB92B941970005CA5FB /* UserStarredProjectsLoader.swift */ = {isa = PBXFileReference; lastKnownFileType = sourcecode.swift; path = UserStarredProjectsLoader.swift; sourceTree = "<group>"; };
		DC4B42882BA5609A007A9DB1 /* FileLoader.swift */ = {isa = PBXFileReference; lastKnownFileType = sourcecode.swift; path = FileLoader.swift; sourceTree = "<group>"; };
		DC4B428A2BA560B0007A9DB1 /* TreeLoader.swift */ = {isa = PBXFileReference; lastKnownFileType = sourcecode.swift; path = TreeLoader.swift; sourceTree = "<group>"; };
		DC4B428C2BA561E7007A9DB1 /* CommitsLoader.swift */ = {isa = PBXFileReference; lastKnownFileType = sourcecode.swift; path = CommitsLoader.swift; sourceTree = "<group>"; };
		DC4B428E2BA56213007A9DB1 /* CommitSignatureLoader.swift */ = {isa = PBXFileReference; lastKnownFileType = sourcecode.swift; path = CommitSignatureLoader.swift; sourceTree = "<group>"; };
		DC4B42952BA56968007A9DB1 /* BranchesLoader.swift */ = {isa = PBXFileReference; lastKnownFileType = sourcecode.swift; path = BranchesLoader.swift; sourceTree = "<group>"; };
		DC4B42992BA56EA6007A9DB1 /* TagsLoader.swift */ = {isa = PBXFileReference; lastKnownFileType = sourcecode.swift; path = TagsLoader.swift; sourceTree = "<group>"; };
		DC4D10112E72E78F0001B54E /* ConfigView.swift */ = {isa = PBXFileReference; lastKnownFileType = sourcecode.swift; path = ConfigView.swift; sourceTree = "<group>"; };
		DC4DBAF22E841B4E00AE4C60 /* EncodingHelper.swift */ = {isa = PBXFileReference; lastKnownFileType = sourcecode.swift; path = EncodingHelper.swift; sourceTree = "<group>"; };
		DC5AD7D92E69D40B0031FC7B /* FailedView.swift */ = {isa = PBXFileReference; lastKnownFileType = sourcecode.swift; path = FailedView.swift; sourceTree = "<group>"; };
		DC5F37072B91A1D100BF7F9D /* AuthorView.swift */ = {isa = PBXFileReference; lastKnownFileType = sourcecode.swift; path = AuthorView.swift; sourceTree = "<group>"; };
		DC5F99DF2B9384CE001C88A3 /* Info.plist */ = {isa = PBXFileReference; lastKnownFileType = text.plist; path = Info.plist; sourceTree = "<group>"; };
		DC69F14C2B956ED300F09269 /* MembersLoader.swift */ = {isa = PBXFileReference; lastKnownFileType = sourcecode.swift; path = MembersLoader.swift; sourceTree = "<group>"; };
		DC69F14F2B95703900F09269 /* PopupHeader.swift */ = {isa = PBXFileReference; lastKnownFileType = sourcecode.swift; path = PopupHeader.swift; sourceTree = "<group>"; };
		DC69F1532B95A2DE00F09269 /* ProjectReleasesLoader.swift */ = {isa = PBXFileReference; lastKnownFileType = sourcecode.swift; path = ProjectReleasesLoader.swift; sourceTree = "<group>"; };
		DC6C5D972B8F085A00587850 /* SmallProjectView.swift */ = {isa = PBXFileReference; lastKnownFileType = sourcecode.swift; path = SmallProjectView.swift; sourceTree = "<group>"; };
		DC6C5D992B8F089D00587850 /* GraphTypes.swift */ = {isa = PBXFileReference; lastKnownFileType = sourcecode.swift; path = GraphTypes.swift; sourceTree = "<group>"; };
		DC6C5DA42B8F0A3300587850 /* SmallMergeView.swift */ = {isa = PBXFileReference; lastKnownFileType = sourcecode.swift; path = SmallMergeView.swift; sourceTree = "<group>"; };
		DC6C5DAC2B8F10D500587850 /* UserMergeLoader.swift */ = {isa = PBXFileReference; lastKnownFileType = sourcecode.swift; path = UserMergeLoader.swift; sourceTree = "<group>"; };
		DC7A7FA62BA5D0D600E128B1 /* SetupView.swift */ = {isa = PBXFileReference; fileEncoding = 4; lastKnownFileType = sourcecode.swift; path = SetupView.swift; sourceTree = "<group>"; };
		DC867DEF2ED3255600D4B03C /* CookiesView.swift */ = {isa = PBXFileReference; lastKnownFileType = sourcecode.swift; path = CookiesView.swift; sourceTree = "<group>"; };
		DC867DF12ED3258F00D4B03C /* SettingsView.swift */ = {isa = PBXFileReference; lastKnownFileType = sourcecode.swift; path = SettingsView.swift; sourceTree = "<group>"; };
		DC867DF62ED330FA00D4B03C /* FeedbackView.swift */ = {isa = PBXFileReference; lastKnownFileType = sourcecode.swift; path = FeedbackView.swift; sourceTree = "<group>"; };
		DC867DF82ED3346E00D4B03C /* ClipboardAccess.swift */ = {isa = PBXFileReference; lastKnownFileType = sourcecode.swift; path = ClipboardAccess.swift; sourceTree = "<group>"; };
		DC961C6E2E9E9BE80076D49F /* MergeButton.swift */ = {isa = PBXFileReference; lastKnownFileType = sourcecode.swift; path = MergeButton.swift; sourceTree = "<group>"; };
		DCA43B2C2F462F6B00481922 /* AppStoreReview.swift */ = {isa = PBXFileReference; lastKnownFileType = sourcecode.swift; path = AppStoreReview.swift; sourceTree = "<group>"; };
		DCA43B2E2F4636DD00481922 /* NewNoteView.swift */ = {isa = PBXFileReference; lastKnownFileType = sourcecode.swift; path = NewNoteView.swift; sourceTree = "<group>"; };
		DCAA7E392E9B0C860078DB8E /* GroupsLoader.swift */ = {isa = PBXFileReference; lastKnownFileType = sourcecode.swift; path = GroupsLoader.swift; sourceTree = "<group>"; };
		DCAA7E3B2E9B0F4F0078DB8E /* SmallGroupView.swift */ = {isa = PBXFileReference; lastKnownFileType = sourcecode.swift; path = SmallGroupView.swift; sourceTree = "<group>"; };
		DCAA7E3D2E9B169F0078DB8E /* UsersLoader.swift */ = {isa = PBXFileReference; lastKnownFileType = sourcecode.swift; path = UsersLoader.swift; sourceTree = "<group>"; };
		DCAE85632FA0D1F700F64C2B /* SessionStore.swift */ = {isa = PBXFileReference; lastKnownFileType = sourcecode.swift; path = SessionStore.swift; sourceTree = "<group>"; };
		DCAE85682FA0D1F900F64C2B /* JumpURL.swift */ = {isa = PBXFileReference; lastKnownFileType = sourcecode.swift; path = JumpURL.swift; sourceTree = "<group>"; };
		DCAE856A2FA0D1FA00F64C2B /* PersistedCookies.swift */ = {isa = PBXFileReference; lastKnownFileType = sourcecode.swift; path = PersistedCookies.swift; sourceTree = "<group>"; };
		DCAE85722FA0D30000F64C2B /* Markdown.swift */ = {isa = PBXFileReference; lastKnownFileType = sourcecode.swift; path = Markdown.swift; sourceTree = "<group>"; };
		DCAE85742FA0D30000F64C2B /* SettingsKey.swift */ = {isa = PBXFileReference; lastKnownFileType = sourcecode.swift; path = SettingsKey.swift; sourceTree = "<group>"; };
		DCB24D122F8C0C9E00C38FEF /* InstancesView.swift */ = {isa = PBXFileReference; lastKnownFileType = sourcecode.swift; path = InstancesView.swift; sourceTree = "<group>"; };
		DCB5E0D52B96C63A000F67FB /* CustomEmojisLoader.swift */ = {isa = PBXFileReference; lastKnownFileType = sourcecode.swift; path = CustomEmojisLoader.swift; sourceTree = "<group>"; };
		DCB5E0D92B96CD33000F67FB /* GroupMergeLoader.swift */ = {isa = PBXFileReference; lastKnownFileType = sourcecode.swift; path = GroupMergeLoader.swift; sourceTree = "<group>"; };
		DCB6B6342BB7063B006C8437 /* DiffsStatsLoader.swift */ = {isa = PBXFileReference; lastKnownFileType = sourcecode.swift; path = DiffsStatsLoader.swift; sourceTree = "<group>"; };
		DCB6B6362BB70CD8006C8437 /* MrCommitsLoader.swift */ = {isa = PBXFileReference; lastKnownFileType = sourcecode.swift; path = MrCommitsLoader.swift; sourceTree = "<group>"; };
		DCB6B6382BB70F9C006C8437 /* SmallCommitView.swift */ = {isa = PBXFileReference; lastKnownFileType = sourcecode.swift; path = SmallCommitView.swift; sourceTree = "<group>"; };
		DCB9660A2EAEC535004D3CFA /* IssueFilter.swift */ = {isa = PBXFileReference; lastKnownFileType = sourcecode.swift; path = IssueFilter.swift; sourceTree = "<group>"; };
		DCB9660C2EAEC535004D3CFA /* MergeRequestFilter.swift */ = {isa = PBXFileReference; lastKnownFileType = sourcecode.swift; path = MergeRequestFilter.swift; sourceTree = "<group>"; };
		DCBC8B3F2F2C01DD00700380 /* Settings.bundle */ = {isa = PBXFileReference; lastKnownFileType = "wrapper.plug-in"; path = Settings.bundle; sourceTree = "<group>"; };
		DCBC8B432F2C05F300700380 /* UpdateStatusView.swift */ = {isa = PBXFileReference; lastKnownFileType = sourcecode.swift; path = UpdateStatusView.swift; sourceTree = "<group>"; };
		DCC54EBE2E9AB16E005B9CE3 /* ProjectsLoader.swift */ = {isa = PBXFileReference; lastKnownFileType = sourcecode.swift; path = ProjectsLoader.swift; sourceTree = "<group>"; };
		DCC95E562BC5274B0040D657 /* ContributionsLoader.swift */ = {isa = PBXFileReference; lastKnownFileType = sourcecode.swift; path = ContributionsLoader.swift; sourceTree = "<group>"; };
		DCCB5D8C2B9C0E8300D5D70A /* TodoView.swift */ = {isa = PBXFileReference; lastKnownFileType = sourcecode.swift; path = TodoView.swift; sourceTree = "<group>"; };
		DCD40E172BC2B2960055EE4C /* FileExtensions.swift */ = {isa = PBXFileReference; lastKnownFileType = sourcecode.swift; path = FileExtensions.swift; sourceTree = "<group>"; };
		DCD40E192BC2C6600055EE4C /* DiffLoader.swift */ = {isa = PBXFileReference; lastKnownFileType = sourcecode.swift; path = DiffLoader.swift; sourceTree = "<group>"; };
		DCD40E212BC2E5CC0055EE4C /* CodeTextView.swift */ = {isa = PBXFileReference; lastKnownFileType = sourcecode.swift; path = CodeTextView.swift; sourceTree = "<group>"; };
		DCD4BF712E8F31D000F153B6 /* Auth.swift */ = {isa = PBXFileReference; lastKnownFileType = sourcecode.swift; path = Auth.swift; sourceTree = "<group>"; };
		DCEA00012ED4000100A1B001 /* GroupProjectsLoader.swift */ = {isa = PBXFileReference; lastKnownFileType = sourcecode.swift; path = GroupProjectsLoader.swift; sourceTree = "<group>"; };
		DCEA00032ED4000100A1B002 /* UserProjectsLoader.swift */ = {isa = PBXFileReference; lastKnownFileType = sourcecode.swift; path = UserProjectsLoader.swift; sourceTree = "<group>"; };
		DCEB20B32BD61A9A00393A44 /* Notify.swift */ = {isa = PBXFileReference; lastKnownFileType = sourcecode.swift; path = Notify.swift; sourceTree = "<group>"; };
		DCEF31922E907C4C00337458 /* CacheView.swift */ = {isa = PBXFileReference; lastKnownFileType = sourcecode.swift; path = CacheView.swift; sourceTree = "<group>"; };
		DCEFB2662B94C29600F4B245 /* EventsLoader.swift */ = {isa = PBXFileReference; lastKnownFileType = sourcecode.swift; path = EventsLoader.swift; sourceTree = "<group>"; };
		DCEFB2682B94C2C100F4B245 /* RestTypes.swift */ = {isa = PBXFileReference; lastKnownFileType = sourcecode.swift; path = RestTypes.swift; sourceTree = "<group>"; };
		DCEFB26A2B94C37600F4B245 /* API.swift */ = {isa = PBXFileReference; lastKnownFileType = sourcecode.swift; path = API.swift; sourceTree = "<group>"; };
		DCF1A0B12E9C4A0100A11E01 /* PDFPreview.swift */ = {isa = PBXFileReference; lastKnownFileType = sourcecode.swift; path = PDFPreview.swift; sourceTree = "<group>"; };
/* End PBXFileReference section */

/* Begin PBXFileSystemSynchronizedRootGroup section */
		DC2511D92E7F4C7D0021371C /* Tanuki Watch App */ = {isa = PBXFileSystemSynchronizedRootGroup; explicitFileTypes = {}; explicitFolders = (); path = "Tanuki Watch App"; sourceTree = "<group>"; };
/* End PBXFileSystemSynchronizedRootGroup section */

/* Begin PBXFrameworksBuildPhase section */
		DC2511D52E7F4C7D0021371C /* Frameworks */ = {
			isa = PBXFrameworksBuildPhase;
			buildActionMask = 2147483647;
			files = (
				DC8978262E7F515800D42E4C /* ApolloAPI in Frameworks */,
				DC89783D2E7F558300D42E4C /* CachedAsyncImage in Frameworks */,
				DC8978222E7F514200D42E4C /* GitLabAPI in Frameworks */,
				DC7E3B430000000000000004 /* TanukiEmoji in Frameworks */,
				DC8978242E7F515800D42E4C /* Apollo in Frameworks */,
			);
			runOnlyForDeploymentPostprocessing = 0;
		};
		DC2704F22B8BC0F9003DAA84 /* Frameworks */ = {
			isa = PBXFrameworksBuildPhase;
			buildActionMask = 2147483647;
			files = (
				DC5AD7DD2E69D6E50031FC7B /* Toast in Frameworks */,
				DCD225042E696BC8002256F0 /* GitLabAPI in Frameworks */,
				DC7E3B430000000000000005 /* TanukiEmoji in Frameworks */,
				DC3A24542B8C3F5800DB0E3F /* NVMColor in Frameworks */,
				DC0A6A552B8D148000C53D56 /* CachedAsyncImage in Frameworks */,
				DC42A2112C62D36E00B1EA85 /* HighlightedTextEditor in Frameworks */,
				DC5AD7D12E697E4B0031FC7B /* ApolloAPI in Frameworks */,
				DC5AD7CF2E697E4B0031FC7B /* Apollo in Frameworks */,
				DCAF9D9F2BC3755F001FF2E5 /* Highlightr in Frameworks */,
				DCD2F7032F8AF9740049850E /* Alamofire in Frameworks */,
				DC5AD7D32E697E4B0031FC7B /* ApolloSQLite in Frameworks */,
				DCAE856B2FA0D20000F64C2B /* Textual in Frameworks */,
				DCAE856C2FA0D20000F64C2B /* MarkdownView in Frameworks */,
			);
			runOnlyForDeploymentPostprocessing = 0;
		};
/* End PBXFrameworksBuildPhase section */

/* Begin PBXGroup section */
		DC217DCF2B8FBA1100F081BC /* Snippets */ = {
			isa = PBXGroup;
			children = (
				DC217DD02B8FBA2200F081BC /* SnippetLoader.swift */,
				DC217DCD2B8FB9F100F081BC /* UserSnippetsLoader.swift */,
			);
			path = Snippets;
			sourceTree = "<group>";
		};
		DC217DDB2B8FD2FB00F081BC /* Groups */ = {
			isa = PBXGroup;
			children = (
				DCAA7E392E9B0C860078DB8E /* GroupsLoader.swift */,
				DC217DDC2B8FD30700F081BC /* GroupLoader.swift */,
				DC217DDE2B8FD34600F081BC /* UserGroupsLoader.swift */,
			);
			path = Groups;
			sourceTree = "<group>";
		};
		DC21AA732B90384D00976E64 /* Users */ = {
			isa = PBXGroup;
			children = (
				DCAA7E3D2E9B169F0078DB8E /* UsersLoader.swift */,
				DC21AA7E2B906FF400976E64 /* UserLoader.swift */,
				DC21AA742B90385800976E64 /* CurrentUserLoader.swift */,
				DC69F14C2B956ED300F09269 /* MembersLoader.swift */,
			);
			path = Users;
			sourceTree = "<group>";
		};
		DC2704EC2B8BC0F9003DAA84 = {
			isa = PBXGroup;
			children = (
				DC2704F72B8BC0F9003DAA84 /* Tanuki */,
				DCBC8B3F2F2C01DD00700380 /* Settings.bundle */,
				DC2511D92E7F4C7D0021371C /* Tanuki Watch App */,
				DC2704F62B8BC0F9003DAA84 /* Products */,
				DC3013102B8BC78300D33B23 /* Frameworks */,
			);
			sourceTree = "<group>";
		};
		DC2704F62B8BC0F9003DAA84 /* Products */ = {
			isa = PBXGroup;
			children = (
				DC2704F52B8BC0F9003DAA84 /* Tanuki.app */,
				DC2511D82E7F4C7D0021371C /* Tanuki Watch App.app */,
			);
			name = Products;
			sourceTree = "<group>";
		};
		DC2704F72B8BC0F9003DAA84 /* Tanuki */ = {
			isa = PBXGroup;
			children = (
				DC5F99DF2B9384CE001C88A3 /* Info.plist */,
				DC2704FE2B8BC0FB003DAA84 /* Tanuki.entitlements */,
				DC39B0F92E9C39510036F8D7 /* TanukiIcon.icon */,
				DC2704FC2B8BC0FB003DAA84 /* Assets.xcassets */,
				DC2704F82B8BC0F9003DAA84 /* TanukiApp.swift */,
				DC3A24592B8C4C8F00DB0E3F /* Core */,
				DC6C5D9D2B8F08F900587850 /* Loaders */,
				DC6C5D9C2B8F08F500587850 /* Views */,
				DC31F2762E71B197005F31A2 /* Forms */,
				DC2704FF2B8BC0FB003DAA84 /* Preview Content */,
			);
			path = Tanuki;
			sourceTree = "<group>";
		};
		DC2704FF2B8BC0FB003DAA84 /* Preview Content */ = {
			isa = PBXGroup;
			children = (
				DC2705002B8BC0FB003DAA84 /* Preview Assets.xcassets */,
			);
			path = "Preview Content";
			sourceTree = "<group>";
		};
		DC3013102B8BC78300D33B23 /* Frameworks */ = {
			isa = PBXGroup;
			children = (
			);
			name = Frameworks;
			sourceTree = "<group>";
		};
		DC31F2762E71B197005F31A2 /* Forms */ = {
			isa = PBXGroup;
			children = (
				DC31F2782E71CD96005F31A2 /* NewProjectView.swift */,
				DC31F2802E72221E005F31A2 /* NewIssueView.swift */,
				DC2D65E82E7F03A6007A800C /* NewLabelView.swift */,
				DC2973122E7FF3FF00CEFA0D /* NewMilestoneView.swift */,
				DC2D65EC2E7F0DEA007A800C /* NewReleaseView.swift */,
				DC2D65EA2E7F0AEC007A800C /* NewMemberView.swift */,
				DCBC8B432F2C05F300700380 /* UpdateStatusView.swift */,
				DCA43B2E2F4636DD00481922 /* NewNoteView.swift */,
			);
			path = Forms;
			sourceTree = "<group>";
		};
		DC31F27A2E71DC59005F31A2 /* Types */ = {
			isa = PBXGroup;
			children = (
				DC6C5D992B8F089D00587850 /* GraphTypes.swift */,
				DCEFB2682B94C2C100F4B245 /* RestTypes.swift */,
			);
			path = Types;
			sourceTree = "<group>";
		};
		DC31F27B2E71DC8E005F31A2 /* Networking */ = {
			isa = PBXGroup;
			children = (
				DCAE85632FA0D1F700F64C2B /* SessionStore.swift */,
				DCD4BF712E8F31D000F153B6 /* Auth.swift */,
				DC2705102B8BC507003DAA84 /* Network.swift */,
				DCEFB26A2B94C37600F4B245 /* API.swift */,
			);
			path = Networking;
			sourceTree = "<group>";
		};
		DC31F27C2E71DC99005F31A2 /* Notifications */ = {
			isa = PBXGroup;
			children = (
				DCEB20B32BD61A9A00393A44 /* Notify.swift */,
				DC217DD22B8FCC8A00F081BC /* Haptics.swift */,
			);
			path = Notifications;
			sourceTree = "<group>";
		};
		DC3276612B9B500F00B51EEE /* Todos */ = {
			isa = PBXGroup;
			children = (
				DC3276622B9B503500B51EEE /* CurrentUserTodosLoader.swift */,
				DC3276642B9B503C00B51EEE /* UserTodosLoader.swift */,
			);
			path = Todos;
			sourceTree = "<group>";
		};
		DC39B0FC2E9C45530036F8D7 /* Utils */ = {
			isa = PBXGroup;
			children = (
				DC3A244E2B8C3B8100DB0E3F /* Utils.swift */,
				DCD40E172BC2B2960055EE4C /* FileExtensions.swift */,
				DC39B0FD2E9C45780036F8D7 /* GraphFilter.swift */,
				DCAE85682FA0D1F900F64C2B /* JumpURL.swift */,
				DCAE85742FA0D30000F64C2B /* SettingsKey.swift */,
				DCAE856A2FA0D1FA00F64C2B /* PersistedCookies.swift */,
				DC4DBAF22E841B4E00AE4C60 /* EncodingHelper.swift */,
			);
			path = Utils;
			sourceTree = "<group>";
		};
		DC3A24582B8C4C7C00DB0E3F /* General */ = {
			isa = PBXGroup;
			children = (
				DC08C9562E800757005A1979 /* ViewModifiers.swift */,
				DCD40E212BC2E5CC0055EE4C /* CodeTextView.swift */,
				DC3A24502B8C3E1A00DB0E3F /* AvatarImage.swift */,
				DC3A24552B8C4C2200DB0E3F /* PillView.swift */,
				DC3A245D2B8C557E00DB0E3F /* RoundIconButton.swift */,
				DC0A6A492B8D0ABE00C53D56 /* VisibilityIcon.swift */,
				DC69F14F2B95703900F09269 /* PopupHeader.swift */,
				DC2D65E62E7EFC74007A800C /* AsyncButton.swift */,
				DC08C9542E80014E005A1979 /* NoContentView.swift */,
				DC08C9582E800C2E005A1979 /* LoadingView.swift */,
				DC5AD7D92E69D40B0031FC7B /* FailedView.swift */,
				DCAE85722FA0D30000F64C2B /* Markdown.swift */,
				DCF1A0B12E9C4A0100A11E01 /* PDFPreview.swift */,
			);
			path = General;
			sourceTree = "<group>";
		};
		DC3A24592B8C4C8F00DB0E3F /* Core */ = {
			isa = PBXGroup;
			children = (
				DC31F27C2E71DC99005F31A2 /* Notifications */,
				DC31F27B2E71DC8E005F31A2 /* Networking */,
				DC31F27A2E71DC59005F31A2 /* Types */,
				DC39B0FC2E9C45530036F8D7 /* Utils */,
			);
			path = Core;
			sourceTree = "<group>";
		};
		DC4B42842BA55C03007A9DB1 /* Entity-Specific */ = {
			isa = PBXGroup;
			children = (
				DCCB5D8C2B9C0E8300D5D70A /* TodoView.swift */,
				DCAA7E3B2E9B0F4F0078DB8E /* SmallGroupView.swift */,
				DC6C5D972B8F085A00587850 /* SmallProjectView.swift */,
				DC6C5DA42B8F0A3300587850 /* SmallMergeView.swift */,
				DC1D10052B996C5300B6F5D7 /* SmallIssueView.swift */,
				DC5F37072B91A1D100BF7F9D /* AuthorView.swift */,
				DC386A992B8D86C4002E5F6D /* NoteView.swift */,
				DC0A6A402B8D03EC00C53D56 /* StateIcons.swift */,
				DC0A6A382B8CE4FF00C53D56 /* PipelineStatus.swift */,
				DCB6B6382BB70F9C006C8437 /* SmallCommitView.swift */,
				DC21AA762B903ECA00976E64 /* UserView.swift */,
				DC961C6E2E9E9BE80076D49F /* MergeButton.swift */,
				DCB9660A2EAEC535004D3CFA /* IssueFilter.swift */,
				DCB9660C2EAEC535004D3CFA /* MergeRequestFilter.swift */,
			);
			path = "Entity-Specific";
			sourceTree = "<group>";
		};
		DC4B42872BA5606A007A9DB1 /* Repository */ = {
			isa = PBXGroup;
			children = (
				DC4B42882BA5609A007A9DB1 /* FileLoader.swift */,
				DC4B428A2BA560B0007A9DB1 /* TreeLoader.swift */,
				DC4B428C2BA561E7007A9DB1 /* CommitsLoader.swift */,
				DC4B428E2BA56213007A9DB1 /* CommitSignatureLoader.swift */,
				DC4B42952BA56968007A9DB1 /* BranchesLoader.swift */,
				DC4B42992BA56EA6007A9DB1 /* TagsLoader.swift */,
			);
			path = Repository;
			sourceTree = "<group>";
		};
		DC4D10102E72E76A0001B54E /* Auth */ = {
			isa = PBXGroup;
			children = (
				DC7A7FA62BA5D0D600E128B1 /* SetupView.swift */,
				DC4D10112E72E78F0001B54E /* ConfigView.swift */,
			);
			path = Auth;
			sourceTree = "<group>";
		};
		DC6C5D9C2B8F08F500587850 /* Views */ = {
			isa = PBXGroup;
			children = (
				DC867DEE2ED3253E00D4B03C /* Settings */,
				DC4D10102E72E76A0001B54E /* Auth */,
				DC3A24582B8C4C7C00DB0E3F /* General */,
				DC4B42842BA55C03007A9DB1 /* Entity-Specific */,
				DC13E8A72B8E073300994E8A /* HomeView.swift */,
				DC2D65E42E7EF510007A800C /* ExploreView.swift */,
			);
			path = Views;
			sourceTree = "<group>";
		};
		DC6C5D9D2B8F08F900587850 /* Loaders */ = {
			isa = PBXGroup;
			children = (
				DC6C5DB42B8F90C700587850 /* Projects */,
				DC6C5DAF2B8F1EA400587850 /* Issues */,
				DC6C5DA32B8F09C400587850 /* Merge Requests */,
				DC217DCF2B8FBA1100F081BC /* Snippets */,
				DC217DDB2B8FD2FB00F081BC /* Groups */,
				DC21AA732B90384D00976E64 /* Users */,
				DC3276612B9B500F00B51EEE /* Todos */,
				DCEFB2662B94C29600F4B245 /* EventsLoader.swift */,
				DC1D100D2B9975E000B6F5D7 /* ProjectPipelinesLoader.swift */,
				DC69F1532B95A2DE00F09269 /* ProjectReleasesLoader.swift */,
				DCB5E0D52B96C63A000F67FB /* CustomEmojisLoader.swift */,
				DC1D0FF42B99469900B6F5D7 /* LabelsLoader.swift */,
				DC1D0FFD2B994FDD00B6F5D7 /* TimelogsLoader.swift */,
				DC1C37F52B99BACC005B7D7A /* MilestonesLoader.swift */,
				DCC95E562BC5274B0040D657 /* ContributionsLoader.swift */,
			);
			path = Loaders;
			sourceTree = "<group>";
		};
		DC6C5DA32B8F09C400587850 /* Merge Requests */ = {
			isa = PBXGroup;
			children = (
				DC386A942B8D5FB2002E5F6D /* MergeRequestLoader.swift */,
				DC0FF5B52B8C7AFB002B4FAE /* ProjectMergeLoader.swift */,
				DC6C5DAC2B8F10D500587850 /* UserMergeLoader.swift */,
				DCB5E0D92B96CD33000F67FB /* GroupMergeLoader.swift */,
				DCB6B6342BB7063B006C8437 /* DiffsStatsLoader.swift */,
				DCB6B6362BB70CD8006C8437 /* MrCommitsLoader.swift */,
				DCD40E192BC2C6600055EE4C /* DiffLoader.swift */,
			);
			path = "Merge Requests";
			sourceTree = "<group>";
		};
		DC6C5DAF2B8F1EA400587850 /* Issues */ = {
			isa = PBXGroup;
			children = (
				DC13E8A22B8DE32400994E8A /* IssueLoader.swift */,
				DC0FF5B32B8C7892002B4FAE /* ProjectIssuesLoader.swift */,
				DC1D10092B996FCE00B6F5D7 /* GroupIssuesLoader.swift */,
				DC1D0FFF2B995FD200B6F5D7 /* UserIssuesLoader.swift */,
			);
			path = Issues;
			sourceTree = "<group>";
		};
		DC6C5DB42B8F90C700587850 /* Projects */ = {
			isa = PBXGroup;
			children = (
				DC4B42872BA5606A007A9DB1 /* Repository */,
				DCC54EBE2E9AB16E005B9CE3 /* ProjectsLoader.swift */,
				DCEA00012ED4000100A1B001 /* GroupProjectsLoader.swift */,
				DCEA00032ED4000100A1B002 /* UserProjectsLoader.swift */,
				DC3A244C2B8C37BF00DB0E3F /* ProjectLoader.swift */,
				DC31F27D2E721686005F31A2 /* ProjectHeaderView.swift */,
				DC463BB92B941970005CA5FB /* UserStarredProjectsLoader.swift */,
			);
			path = Projects;
			sourceTree = "<group>";
		};
		DC867DEE2ED3253E00D4B03C /* Settings */ = {
			isa = PBXGroup;
			children = (
				DCB24D122F8C0C9E00C38FEF /* InstancesView.swift */,
				DC867DF12ED3258F00D4B03C /* SettingsView.swift */,
				DCEF31922E907C4C00337458 /* CacheView.swift */,
				DC867DEF2ED3255600D4B03C /* CookiesView.swift */,
				DC867DF62ED330FA00D4B03C /* FeedbackView.swift */,
				DC867DF82ED3346E00D4B03C /* ClipboardAccess.swift */,
				DCA43B2C2F462F6B00481922 /* AppStoreReview.swift */,
			);
			path = Settings;
			sourceTree = "<group>";
		};
/* End PBXGroup section */

/* Begin PBXNativeTarget section */
		DC2511D72E7F4C7D0021371C /* Tanuki Watch App */ = {
			isa = PBXNativeTarget;
			buildConfigurationList = DC2511E32E7F4C7E0021371C /* Build configuration list for PBXNativeTarget "Tanuki Watch App" */;
			buildPhases = (
				DC2511D42E7F4C7D0021371C /* Sources */,
				DC2511D52E7F4C7D0021371C /* Frameworks */,
				DC2511D62E7F4C7D0021371C /* Resources */,
			);
			buildRules = (
			);
			dependencies = (
			);
			fileSystemSynchronizedGroups = (
				DC2511D92E7F4C7D0021371C /* Tanuki Watch App */,
			);
			name = "Tanuki Watch App";
			packageProductDependencies = (
				DC8978212E7F514200D42E4C /* GitLabAPI */,
				DC7E3B430000000000000002 /* TanukiEmoji */,
				DC8978232E7F515800D42E4C /* Apollo */,
				DC8978252E7F515800D42E4C /* ApolloAPI */,
				DC89783C2E7F558300D42E4C /* CachedAsyncImage */,
			);
			productName = "Tanuki Watch Watch App";
			productReference = DC2511D82E7F4C7D0021371C /* Tanuki Watch App.app */;
			productType = "com.apple.product-type.application";
		};
		DC2704F42B8BC0F9003DAA84 /* Tanuki */ = {
			isa = PBXNativeTarget;
			buildConfigurationList = DC2705042B8BC0FB003DAA84 /* Build configuration list for PBXNativeTarget "Tanuki" */;
			buildPhases = (
				DC2704F12B8BC0F9003DAA84 /* Sources */,
				DC2704F22B8BC0F9003DAA84 /* Frameworks */,
				DC2704F32B8BC0F9003DAA84 /* Resources */,
				DC2511E62E7F4C7E0021371C /* Embed Watch Content */,
			);
			buildRules = (
			);
			dependencies = (
				DC2511E12E7F4C7E0021371C /* PBXTargetDependency */,
			);
			name = Tanuki;
			packageProductDependencies = (
				DC3A24532B8C3F5800DB0E3F /* NVMColor */,
				DCAE856D2FA0D20000F64C2B /* Textual */,
				DCAE856E2FA0D20000F64C2B /* MarkdownView */,
				DC0A6A542B8D148000C53D56 /* CachedAsyncImage */,
				DCAF9D9E2BC3755F001FF2E5 /* Highlightr */,
				DC42A2102C62D36E00B1EA85 /* HighlightedTextEditor */,
				DCD225032E696BC8002256F0 /* GitLabAPI */,
				DC7E3B430000000000000003 /* TanukiEmoji */,
				DC5AD7CE2E697E4B0031FC7B /* Apollo */,
				DC5AD7D02E697E4B0031FC7B /* ApolloAPI */,
				DC5AD7D22E697E4B0031FC7B /* ApolloSQLite */,
				DC5AD7DC2E69D6E50031FC7B /* Toast */,
				DCD2F7022F8AF9740049850E /* Alamofire */,
			);
			productName = Tanuki;
			productReference = DC2704F52B8BC0F9003DAA84 /* Tanuki.app */;
			productType = "com.apple.product-type.application";
		};
/* End PBXNativeTarget section */

/* Begin PBXProject section */
		DC2704ED2B8BC0F9003DAA84 /* Project object */ = {
			isa = PBXProject;
			attributes = {
				BuildIndependentTargetsInParallel = 1;
				LastSwiftUpdateCheck = 2600;
				LastUpgradeCheck = 2700;
				TargetAttributes = {
					DC2511D72E7F4C7D0021371C = {
						CreatedOnToolsVersion = 26.0;
					};
					DC2704F42B8BC0F9003DAA84 = {
						CreatedOnToolsVersion = 15.2;
					};
				};
			};
			buildConfigurationList = DC2704F02B8BC0F9003DAA84 /* Build configuration list for PBXProject "Tanuki" */;
			compatibilityVersion = "Xcode 14.0";
			developmentRegion = en;
			hasScannedForEncodings = 0;
			knownRegions = (
				en,
				Base,
			);
			mainGroup = DC2704EC2B8BC0F9003DAA84;
			packageReferences = (
				DC3A24522B8C3F5800DB0E3F /* XCRemoteSwiftPackageReference "nvm-color" */,
				DCAE856F2FA0D20000F64C2B /* XCRemoteSwiftPackageReference "textual" */,
				DCAE85702FA0D20000F64C2B /* XCRemoteSwiftPackageReference "MarkdownView" */,
				DC0A6A532B8D148000C53D56 /* XCRemoteSwiftPackageReference "swiftui-cached-async-image" */,
				DCAF9D9D2BC3755F001FF2E5 /* XCRemoteSwiftPackageReference "Highlightr" */,
				DC42A20F2C62D36E00B1EA85 /* XCRemoteSwiftPackageReference "HighlightedTextEditor" */,
				DCD225022E696BC8002256F0 /* XCLocalSwiftPackageReference "GitLabAPI" */,
				DC7E3B430000000000000001 /* XCLocalSwiftPackageReference "Emoji" */,
				DC5AD7CD2E697E4B0031FC7B /* XCRemoteSwiftPackageReference "apollo-ios" */,
				DC5AD7DB2E69D6E50031FC7B /* XCRemoteSwiftPackageReference "toast-swift" */,
				DCD2F7012F8AF9740049850E /* XCRemoteSwiftPackageReference "Alamofire" */,
			);
			productRefGroup = DC2704F62B8BC0F9003DAA84 /* Products */;
			projectDirPath = "";
			projectRoot = "";
			targets = (
				DC2704F42B8BC0F9003DAA84 /* Tanuki */,
				DC2511D72E7F4C7D0021371C /* Tanuki Watch App */,
			);
		};
/* End PBXProject section */

/* Begin PBXResourcesBuildPhase section */
		DC2511D62E7F4C7D0021371C /* Resources */ = {
			isa = PBXResourcesBuildPhase;
			buildActionMask = 2147483647;
			files = (
				DCBC8B402F2C01DD00700380 /* Settings.bundle in Resources */,
				DC39B0FA2E9C39510036F8D7 /* TanukiIcon.icon in Resources */,
			);
			runOnlyForDeploymentPostprocessing = 0;
		};
		DC2704F32B8BC0F9003DAA84 /* Resources */ = {
			isa = PBXResourcesBuildPhase;
			buildActionMask = 2147483647;
			files = (
				DCBC8B412F2C01DD00700380 /* Settings.bundle in Resources */,
				DC39B0FB2E9C39510036F8D7 /* TanukiIcon.icon in Resources */,
				DC2705012B8BC0FB003DAA84 /* Preview Assets.xcassets in Resources */,
				DC2704FD2B8BC0FB003DAA84 /* Assets.xcassets in Resources */,
			);
			runOnlyForDeploymentPostprocessing = 0;
		};
/* End PBXResourcesBuildPhase section */

/* Begin PBXSourcesBuildPhase section */
		DC2511D42E7F4C7D0021371C /* Sources */ = {
			isa = PBXSourcesBuildPhase;
			buildActionMask = 2147483647;
			files = (
			);
			runOnlyForDeploymentPostprocessing = 0;
		};
		DC2704F12B8BC0F9003DAA84 /* Sources */ = {
			isa = PBXSourcesBuildPhase;
			buildActionMask = 2147483647;
			files = (
				DC2D65E52E7EF510007A800C /* ExploreView.swift in Sources */,
				DC0A6A392B8CE4FF00C53D56 /* PipelineStatus.swift in Sources */,
				DC217DCE2B8FB9F100F081BC /* UserSnippetsLoader.swift in Sources */,
				DCA43B2F2F4636DD00481922 /* NewNoteView.swift in Sources */,
				DC3A244F2B8C3B8100DB0E3F /* Utils.swift in Sources */,
				DC2D65E92E7F03A6007A800C /* NewLabelView.swift in Sources */,
				DCA43B2D2F462F6B00481922 /* AppStoreReview.swift in Sources */,
				DC6C5DA52B8F0A3300587850 /* SmallMergeView.swift in Sources */,
				DC0A6A4A2B8D0ABE00C53D56 /* VisibilityIcon.swift in Sources */,
				DC1D0FF52B99469900B6F5D7 /* LabelsLoader.swift in Sources */,
				DC2704F92B8BC0F9003DAA84 /* TanukiApp.swift in Sources */,
				DC2705112B8BC507003DAA84 /* Network.swift in Sources */,
				DC08C9572E80075F005A1979 /* ViewModifiers.swift in Sources */,
				DC69F1502B95703900F09269 /* PopupHeader.swift in Sources */,
				DC4B42892BA5609A007A9DB1 /* FileLoader.swift in Sources */,
				DC386A952B8D5FB2002E5F6D /* MergeRequestLoader.swift in Sources */,
				DCB6B6392BB70F9C006C8437 /* SmallCommitView.swift in Sources */,
				DCEF31932E907C4C00337458 /* CacheView.swift in Sources */,
				DCD40E1A2BC2C6600055EE4C /* DiffLoader.swift in Sources */,
				DC3A24562B8C4C2200DB0E3F /* PillView.swift in Sources */,
				DC217DD32B8FCC8A00F081BC /* Haptics.swift in Sources */,
				DC21AA752B90385800976E64 /* CurrentUserLoader.swift in Sources */,
				DC2973132E7FF3FF00CEFA0D /* NewMilestoneView.swift in Sources */,
				DC39B0FE2E9C45780036F8D7 /* GraphFilter.swift in Sources */,
				DCAE85672FA0D1F900F64C2B /* JumpURL.swift in Sources */,
				DCAE85712FA0D30000F64C2B /* Markdown.swift in Sources */,
				DCAE85732FA0D30000F64C2B /* SettingsKey.swift in Sources */,
				DCAE85692FA0D1FA00F64C2B /* PersistedCookies.swift in Sources */,
				DCB6B6372BB70CD8006C8437 /* MrCommitsLoader.swift in Sources */,
				DC4B42962BA56968007A9DB1 /* BranchesLoader.swift in Sources */,
				DCC54EBF2E9AB16E005B9CE3 /* ProjectsLoader.swift in Sources */,
				DCEA00022ED4000100A1B001 /* GroupProjectsLoader.swift in Sources */,
				DCEA00042ED4000100A1B002 /* UserProjectsLoader.swift in Sources */,
				DC31F27E2E721686005F31A2 /* ProjectHeaderView.swift in Sources */,
				DC08C9552E80014E005A1979 /* NoContentView.swift in Sources */,
				DCC95E572BC5274B0040D657 /* ContributionsLoader.swift in Sources */,
				DC4B428B2BA560B0007A9DB1 /* TreeLoader.swift in Sources */,
				DCBC8B442F2C05F300700380 /* UpdateStatusView.swift in Sources */,
				DCEFB26B2B94C37600F4B245 /* API.swift in Sources */,
				DC4B429A2BA56EA6007A9DB1 /* TagsLoader.swift in Sources */,
				DC13E8A82B8E073300994E8A /* HomeView.swift in Sources */,
				DC2D65ED2E7F0DEA007A800C /* NewReleaseView.swift in Sources */,
				DC217DDF2B8FD34600F081BC /* UserGroupsLoader.swift in Sources */,
				DC6C5DAD2B8F10D500587850 /* UserMergeLoader.swift in Sources */,
				DC1D10002B995FD200B6F5D7 /* UserIssuesLoader.swift in Sources */,
				DC3A245E2B8C557E00DB0E3F /* RoundIconButton.swift in Sources */,
				DC08C9592E800C2E005A1979 /* LoadingView.swift in Sources */,
				DC1D100A2B996FCE00B6F5D7 /* GroupIssuesLoader.swift in Sources */,
				DC1C37F62B99BACC005B7D7A /* MilestonesLoader.swift in Sources */,
				DCD4BF722E8F31D200F153B6 /* Auth.swift in Sources */,
				DCB5E0DA2B96CD33000F67FB /* GroupMergeLoader.swift in Sources */,
				DC5F37082B91A1D100BF7F9D /* AuthorView.swift in Sources */,
				DC0FF5B62B8C7AFB002B4FAE /* ProjectMergeLoader.swift in Sources */,
				DC2D65E72E7EFC74007A800C /* AsyncButton.swift in Sources */,
				DC961C6F2E9E9BE80076D49F /* MergeButton.swift in Sources */,
				DC386A9A2B8D86C4002E5F6D /* NoteView.swift in Sources */,
				DC69F1542B95A2DE00F09269 /* ProjectReleasesLoader.swift in Sources */,
				DC3276652B9B503C00B51EEE /* UserTodosLoader.swift in Sources */,
				DC31F2792E71CD96005F31A2 /* NewProjectView.swift in Sources */,
				DC1D10062B996C5300B6F5D7 /* SmallIssueView.swift in Sources */,
				DCEFB2672B94C29600F4B245 /* EventsLoader.swift in Sources */,
				DC1D0FFE2B994FDD00B6F5D7 /* TimelogsLoader.swift in Sources */,
				DCAA7E3E2E9B169F0078DB8E /* UsersLoader.swift in Sources */,
				DCB24D132F8C0C9E00C38FEF /* InstancesView.swift in Sources */,
				DC6C5D9A2B8F089D00587850 /* GraphTypes.swift in Sources */,
				DCD40E182BC2B2960055EE4C /* FileExtensions.swift in Sources */,
				DC21AA772B903ECA00976E64 /* UserView.swift in Sources */,
				DCD40E222BC2E5CC0055EE4C /* CodeTextView.swift in Sources */,
				DC5AD7DA2E69D40B0031FC7B /* FailedView.swift in Sources */,
				DCF1A0B22E9C4A0100A11E01 /* PDFPreview.swift in Sources */,
				DC6C5D982B8F085A00587850 /* SmallProjectView.swift in Sources */,
				DCB5E0D62B96C63A000F67FB /* CustomEmojisLoader.swift in Sources */,
				DCEFB2692B94C2C100F4B245 /* RestTypes.swift in Sources */,
				DC3A24512B8C3E1A00DB0E3F /* AvatarImage.swift in Sources */,
				DC31F2812E72221E005F31A2 /* NewIssueView.swift in Sources */,
				DCAA7E3A2E9B0C860078DB8E /* GroupsLoader.swift in Sources */,
				DCCB5D8D2B9C0E8300D5D70A /* TodoView.swift in Sources */,
				DC2D65EB2E7F0AEC007A800C /* NewMemberView.swift in Sources */,
				DC463BBA2B941970005CA5FB /* UserStarredProjectsLoader.swift in Sources */,
				DC4D10122E72E78F0001B54E /* ConfigView.swift in Sources */,
				DC867DF02ED3255600D4B03C /* CookiesView.swift in Sources */,
				DC867DF22ED3258F00D4B03C /* SettingsView.swift in Sources */,
				DCAE85642FA0D1F700F64C2B /* SessionStore.swift in Sources */,
				DC3276632B9B503500B51EEE /* CurrentUserTodosLoader.swift in Sources */,
				DC867DF92ED3346E00D4B03C /* ClipboardAccess.swift in Sources */,
				DC867DF72ED330FA00D4B03C /* FeedbackView.swift in Sources */,
				DC3A244D2B8C37BF00DB0E3F /* ProjectLoader.swift in Sources */,
				DC217DD12B8FBA2200F081BC /* SnippetLoader.swift in Sources */,
				DC7A7FA72BA5D0D600E128B1 /* SetupView.swift in Sources */,
				DC4B428D2BA561E7007A9DB1 /* CommitsLoader.swift in Sources */,
				DCAA7E3C2E9B0F4F0078DB8E /* SmallGroupView.swift in Sources */,
				DC217DDD2B8FD30700F081BC /* GroupLoader.swift in Sources */,
				DCEB20B42BD61A9A00393A44 /* Notify.swift in Sources */,
				DC4B428F2BA56213007A9DB1 /* CommitSignatureLoader.swift in Sources */,
				DC0A6A412B8D03EC00C53D56 /* StateIcons.swift in Sources */,
				DCB9660B2EAEC535004D3CFA /* IssueFilter.swift in Sources */,
				DCB9660D2EAEC535004D3CFA /* MergeRequestFilter.swift in Sources */,
				DC0FF5B42B8C7892002B4FAE /* ProjectIssuesLoader.swift in Sources */,
				DC1D100E2B9975E000B6F5D7 /* ProjectPipelinesLoader.swift in Sources */,
				DC13E8A32B8DE32400994E8A /* IssueLoader.swift in Sources */,
				DC69F14D2B956ED300F09269 /* MembersLoader.swift in Sources */,
				DC21AA7F2B906FF400976E64 /* UserLoader.swift in Sources */,
				DC4DBAF32E841B5000AE4C60 /* EncodingHelper.swift in Sources */,
				DCB6B6352BB7063B006C8437 /* DiffsStatsLoader.swift in Sources */,
			);
			runOnlyForDeploymentPostprocessing = 0;
		};
/* End PBXSourcesBuildPhase section */

/* Begin PBXTargetDependency section */
		DC2511E12E7F4C7E0021371C /* PBXTargetDependency */ = {
			isa = PBXTargetDependency;
			platformFilter = ios;
			target = DC2511D72E7F4C7D0021371C /* Tanuki Watch App */;
			targetProxy = DC2511E02E7F4C7E0021371C /* PBXContainerItemProxy */;
		};
/* End PBXTargetDependency section */

/* Begin XCBuildConfiguration section */
		DC2511E42E7F4C7E0021371C /* Debug */ = {
			isa = XCBuildConfiguration;
			buildSettings = {
				ASSETCATALOG_COMPILER_APPICON_NAME = TanukiIcon;
				ASSETCATALOG_COMPILER_GLOBAL_ACCENT_COLOR_NAME = AccentColor;
				CODE_SIGN_ENTITLEMENTS = "Tanuki Watch App/Tanuki Watch App.entitlements";
				CODE_SIGN_STYLE = Automatic;
				CURRENT_PROJECT_VERSION = 1;
				ENABLE_PREVIEWS = YES;
				GENERATE_INFOPLIST_FILE = YES;
				INFOPLIST_KEY_CFBundleDisplayName = Tanuki;
				INFOPLIST_KEY_UISupportedInterfaceOrientations = "UIInterfaceOrientationPortrait UIInterfaceOrientationPortraitUpsideDown";
				INFOPLIST_KEY_WKCompanionAppBundleIdentifier = de.schindlerfelix.GitLab;
				LD_RUNPATH_SEARCH_PATHS = (
					"$(inherited)",
					"@executable_path/Frameworks",
				);
				MARKETING_VERSION = 2.3.0;
				ONLY_ACTIVE_ARCH = NO;
				PRODUCT_BUNDLE_IDENTIFIER = de.schindlerfelix.GitLab.watchkitapp;
				PRODUCT_NAME = "$(TARGET_NAME)";
				SDKROOT = watchos;
				SKIP_INSTALL = YES;
				STRING_CATALOG_GENERATE_SYMBOLS = YES;
				SWIFT_APPROACHABLE_CONCURRENCY = YES;
				SWIFT_DEFAULT_ACTOR_ISOLATION = MainActor;
				SWIFT_EMIT_LOC_STRINGS = YES;
				SWIFT_UPCOMING_FEATURE_MEMBER_IMPORT_VISIBILITY = YES;
				SWIFT_VERSION = 6.0;
				TARGETED_DEVICE_FAMILY = 4;
				WATCHOS_DEPLOYMENT_TARGET = 11.0;
			};
			name = Debug;
		};
		DC2511E52E7F4C7E0021371C /* Release */ = {
			isa = XCBuildConfiguration;
			buildSettings = {
				ASSETCATALOG_COMPILER_APPICON_NAME = TanukiIcon;
				ASSETCATALOG_COMPILER_GLOBAL_ACCENT_COLOR_NAME = AccentColor;
				CODE_SIGN_ENTITLEMENTS = "Tanuki Watch App/Tanuki Watch App.entitlements";
				CODE_SIGN_STYLE = Automatic;
				CURRENT_PROJECT_VERSION = 1;
				ENABLE_PREVIEWS = YES;
				GENERATE_INFOPLIST_FILE = YES;
				INFOPLIST_KEY_CFBundleDisplayName = Tanuki;
				INFOPLIST_KEY_UISupportedInterfaceOrientations = "UIInterfaceOrientationPortrait UIInterfaceOrientationPortraitUpsideDown";
				INFOPLIST_KEY_WKCompanionAppBundleIdentifier = de.schindlerfelix.GitLab;
				LD_RUNPATH_SEARCH_PATHS = (
					"$(inherited)",
					"@executable_path/Frameworks",
				);
				MARKETING_VERSION = 2.3.0;
				PRODUCT_BUNDLE_IDENTIFIER = de.schindlerfelix.GitLab.watchkitapp;
				PRODUCT_NAME = "$(TARGET_NAME)";
				SDKROOT = watchos;
				SKIP_INSTALL = YES;
				STRING_CATALOG_GENERATE_SYMBOLS = YES;
				SWIFT_APPROACHABLE_CONCURRENCY = YES;
				SWIFT_DEFAULT_ACTOR_ISOLATION = MainActor;
				SWIFT_EMIT_LOC_STRINGS = YES;
				SWIFT_UPCOMING_FEATURE_MEMBER_IMPORT_VISIBILITY = YES;
				SWIFT_VERSION = 6.0;
				TARGETED_DEVICE_FAMILY = 4;
				VALIDATE_PRODUCT = YES;
				WATCHOS_DEPLOYMENT_TARGET = 11.0;
			};
			name = Release;
		};
		DC2705022B8BC0FB003DAA84 /* Debug */ = {
			isa = XCBuildConfiguration;
			buildSettings = {
				ALWAYS_SEARCH_USER_PATHS = NO;
				ASSETCATALOG_COMPILER_GENERATE_SWIFT_ASSET_SYMBOL_EXTENSIONS = YES;
				CLANG_ANALYZER_NONNULL = YES;
				CLANG_ANALYZER_NUMBER_OBJECT_CONVERSION = YES_AGGRESSIVE;
				CLANG_CXX_LANGUAGE_STANDARD = "gnu++20";
				CLANG_ENABLE_MODULES = YES;
				CLANG_ENABLE_OBJC_ARC = YES;
				CLANG_ENABLE_OBJC_WEAK = YES;
				CLANG_WARN_BLOCK_CAPTURE_AUTORELEASING = YES;
				CLANG_WARN_BOOL_CONVERSION = YES;
				CLANG_WARN_COMMA = YES;
				CLANG_WARN_CONSTANT_CONVERSION = YES;
				CLANG_WARN_DEPRECATED_OBJC_IMPLEMENTATIONS = YES;
				CLANG_WARN_DIRECT_OBJC_ISA_USAGE = YES_ERROR;
				CLANG_WARN_DOCUMENTATION_COMMENTS = YES;
				CLANG_WARN_EMPTY_BODY = YES;
				CLANG_WARN_ENUM_CONVERSION = YES;
				CLANG_WARN_INFINITE_RECURSION = YES;
				CLANG_WARN_INT_CONVERSION = YES;
				CLANG_WARN_NON_LITERAL_NULL_CONVERSION = YES;
				CLANG_WARN_OBJC_IMPLICIT_RETAIN_SELF = YES;
				CLANG_WARN_OBJC_LITERAL_CONVERSION = YES;
				CLANG_WARN_OBJC_ROOT_CLASS = YES_ERROR;
				CLANG_WARN_QUOTED_INCLUDE_IN_FRAMEWORK_HEADER = YES;
				CLANG_WARN_RANGE_LOOP_ANALYSIS = YES;
				CLANG_WARN_STRICT_PROTOTYPES = YES;
				CLANG_WARN_SUSPICIOUS_MOVE = YES;
				CLANG_WARN_UNGUARDED_AVAILABILITY = YES_AGGRESSIVE;
				CLANG_WARN_UNREACHABLE_CODE = YES;
				CLANG_WARN__DUPLICATE_METHOD_MATCH = YES;
				COPY_PHASE_STRIP = NO;
				DEAD_CODE_STRIPPING = YES;
				DEBUG_INFORMATION_FORMAT = dwarf;
				DEVELOPMENT_TEAM = S2D94HHFAY;
				ENABLE_STRICT_OBJC_MSGSEND = YES;
				ENABLE_TESTABILITY = YES;
				ENABLE_USER_SCRIPT_SANDBOXING = YES;
				GCC_C_LANGUAGE_STANDARD = gnu17;
				GCC_DYNAMIC_NO_PIC = NO;
				GCC_NO_COMMON_BLOCKS = YES;
				GCC_OPTIMIZATION_LEVEL = 0;
				GCC_PREPROCESSOR_DEFINITIONS = (
					"DEBUG=1",
					"$(inherited)",
				);
				GCC_WARN_64_TO_32_BIT_CONVERSION = YES;
				GCC_WARN_ABOUT_RETURN_TYPE = YES_ERROR;
				GCC_WARN_UNDECLARED_SELECTOR = YES;
				GCC_WARN_UNINITIALIZED_AUTOS = YES_AGGRESSIVE;
				GCC_WARN_UNUSED_FUNCTION = YES;
				GCC_WARN_UNUSED_VARIABLE = YES;
				LOCALIZATION_PREFERS_STRING_CATALOGS = YES;
				MTL_ENABLE_DEBUG_INFO = INCLUDE_SOURCE;
				MTL_FAST_MATH = YES;
				ONLY_ACTIVE_ARCH = YES;
				STRING_CATALOG_GENERATE_SYMBOLS = YES;
				SWIFT_ACTIVE_COMPILATION_CONDITIONS = "DEBUG $(inherited)";
				SWIFT_OPTIMIZATION_LEVEL = "-Onone";
			};
			name = Debug;
		};
		DC2705032B8BC0FB003DAA84 /* Release */ = {
			isa = XCBuildConfiguration;
			buildSettings = {
				ALWAYS_SEARCH_USER_PATHS = NO;
				ASSETCATALOG_COMPILER_GENERATE_SWIFT_ASSET_SYMBOL_EXTENSIONS = YES;
				CLANG_ANALYZER_NONNULL = YES;
				CLANG_ANALYZER_NUMBER_OBJECT_CONVERSION = YES_AGGRESSIVE;
				CLANG_CXX_LANGUAGE_STANDARD = "gnu++20";
				CLANG_ENABLE_MODULES = YES;
				CLANG_ENABLE_OBJC_ARC = YES;
				CLANG_ENABLE_OBJC_WEAK = YES;
				CLANG_WARN_BLOCK_CAPTURE_AUTORELEASING = YES;
				CLANG_WARN_BOOL_CONVERSION = YES;
				CLANG_WARN_COMMA = YES;
				CLANG_WARN_CONSTANT_CONVERSION = YES;
				CLANG_WARN_DEPRECATED_OBJC_IMPLEMENTATIONS = YES;
				CLANG_WARN_DIRECT_OBJC_ISA_USAGE = YES_ERROR;
				CLANG_WARN_DOCUMENTATION_COMMENTS = YES;
				CLANG_WARN_EMPTY_BODY = YES;
				CLANG_WARN_ENUM_CONVERSION = YES;
				CLANG_WARN_INFINITE_RECURSION = YES;
				CLANG_WARN_INT_CONVERSION = YES;
				CLANG_WARN_NON_LITERAL_NULL_CONVERSION = YES;
				CLANG_WARN_OBJC_IMPLICIT_RETAIN_SELF = YES;
				CLANG_WARN_OBJC_LITERAL_CONVERSION = YES;
				CLANG_WARN_OBJC_ROOT_CLASS = YES_ERROR;
				CLANG_WARN_QUOTED_INCLUDE_IN_FRAMEWORK_HEADER = YES;
				CLANG_WARN_RANGE_LOOP_ANALYSIS = YES;
				CLANG_WARN_STRICT_PROTOTYPES = YES;
				CLANG_WARN_SUSPICIOUS_MOVE = YES;
				CLANG_WARN_UNGUARDED_AVAILABILITY = YES_AGGRESSIVE;
				CLANG_WARN_UNREACHABLE_CODE = YES;
				CLANG_WARN__DUPLICATE_METHOD_MATCH = YES;
				COPY_PHASE_STRIP = NO;
				DEAD_CODE_STRIPPING = YES;
				DEBUG_INFORMATION_FORMAT = "dwarf-with-dsym";
				DEVELOPMENT_TEAM = S2D94HHFAY;
				ENABLE_NS_ASSERTIONS = NO;
				ENABLE_STRICT_OBJC_MSGSEND = YES;
				ENABLE_USER_SCRIPT_SANDBOXING = YES;
				GCC_C_LANGUAGE_STANDARD = gnu17;
				GCC_NO_COMMON_BLOCKS = YES;
				GCC_WARN_64_TO_32_BIT_CONVERSION = YES;
				GCC_WARN_ABOUT_RETURN_TYPE = YES_ERROR;
				GCC_WARN_UNDECLARED_SELECTOR = YES;
				GCC_WARN_UNINITIALIZED_AUTOS = YES_AGGRESSIVE;
				GCC_WARN_UNUSED_FUNCTION = YES;
				GCC_WARN_UNUSED_VARIABLE = YES;
				LOCALIZATION_PREFERS_STRING_CATALOGS = YES;
				MTL_ENABLE_DEBUG_INFO = NO;
				MTL_FAST_MATH = YES;
				STRING_CATALOG_GENERATE_SYMBOLS = YES;
				SWIFT_COMPILATION_MODE = wholemodule;
			};
			name = Release;
		};
		DC2705052B8BC0FB003DAA84 /* Debug */ = {
			isa = XCBuildConfiguration;
			buildSettings = {
				ASSETCATALOG_COMPILER_APPICON_NAME = TanukiIcon;
				ASSETCATALOG_COMPILER_GLOBAL_ACCENT_COLOR_NAME = AccentColor;
				CODE_SIGN_ENTITLEMENTS = Tanuki/Tanuki.entitlements;
				CODE_SIGN_STYLE = Automatic;
				CURRENT_PROJECT_VERSION = 1;
				DEAD_CODE_STRIPPING = YES;
				DEVELOPMENT_ASSET_PATHS = "\"Tanuki/Preview Content\"";
				ENABLE_PREVIEWS = YES;
				GENERATE_INFOPLIST_FILE = YES;
				INFOPLIST_FILE = Tanuki/Info.plist;
				INFOPLIST_KEY_CFBundleDisplayName = Tanuki;
				INFOPLIST_KEY_LSApplicationCategoryType = "public.app-category.developer-tools";
				"INFOPLIST_KEY_UIApplicationSceneManifest_Generation[sdk=iphoneos*]" = YES;
				"INFOPLIST_KEY_UIApplicationSceneManifest_Generation[sdk=iphonesimulator*]" = YES;
				"INFOPLIST_KEY_UIApplicationSupportsIndirectInputEvents[sdk=iphoneos*]" = YES;
				"INFOPLIST_KEY_UIApplicationSupportsIndirectInputEvents[sdk=iphonesimulator*]" = YES;
				"INFOPLIST_KEY_UILaunchScreen_Generation[sdk=iphoneos*]" = YES;
				"INFOPLIST_KEY_UILaunchScreen_Generation[sdk=iphonesimulator*]" = YES;
				INFOPLIST_KEY_UIStatusBarHidden = YES;
				"INFOPLIST_KEY_UIStatusBarStyle[sdk=iphoneos*]" = UIStatusBarStyleDefault;
				"INFOPLIST_KEY_UIStatusBarStyle[sdk=iphonesimulator*]" = UIStatusBarStyleDefault;
				INFOPLIST_KEY_UISupportedInterfaceOrientations = "UIInterfaceOrientationLandscapeLeft UIInterfaceOrientationLandscapeRight UIInterfaceOrientationPortrait UIInterfaceOrientationPortraitUpsideDown";
				IPHONEOS_DEPLOYMENT_TARGET = 18.0;
				LD_RUNPATH_SEARCH_PATHS = "@executable_path/Frameworks";
				MARKETING_VERSION = 2.3.0;
				ONLY_ACTIVE_ARCH = YES;
				PRODUCT_BUNDLE_IDENTIFIER = de.schindlerfelix.GitLab;
				PRODUCT_NAME = "$(TARGET_NAME)";
				SDKROOT = auto;
				SUPPORTED_PLATFORMS = "iphoneos iphonesimulator";
				SUPPORTS_MACCATALYST = NO;
				SUPPORTS_XR_DESIGNED_FOR_IPHONE_IPAD = NO;
				SWIFT_EMIT_LOC_STRINGS = YES;
				SWIFT_VERSION = 6.0;
				TARGETED_DEVICE_FAMILY = "1,2,6";
				TVOS_DEPLOYMENT_TARGET = 17.0;
			};
			name = Debug;
		};
		DC2705062B8BC0FB003DAA84 /* Release */ = {
			isa = XCBuildConfiguration;
			buildSettings = {
				ASSETCATALOG_COMPILER_APPICON_NAME = TanukiIcon;
				ASSETCATALOG_COMPILER_GLOBAL_ACCENT_COLOR_NAME = AccentColor;
				CODE_SIGN_ENTITLEMENTS = Tanuki/Tanuki.entitlements;
				CODE_SIGN_STYLE = Automatic;
				CURRENT_PROJECT_VERSION = 1;
				DEAD_CODE_STRIPPING = YES;
				DEVELOPMENT_ASSET_PATHS = "\"Tanuki/Preview Content\"";
				ENABLE_PREVIEWS = YES;
				GENERATE_INFOPLIST_FILE = YES;
				INFOPLIST_FILE = Tanuki/Info.plist;
				INFOPLIST_KEY_CFBundleDisplayName = Tanuki;
				INFOPLIST_KEY_LSApplicationCategoryType = "public.app-category.developer-tools";
				"INFOPLIST_KEY_UIApplicationSceneManifest_Generation[sdk=iphoneos*]" = YES;
				"INFOPLIST_KEY_UIApplicationSceneManifest_Generation[sdk=iphonesimulator*]" = YES;
				"INFOPLIST_KEY_UIApplicationSupportsIndirectInputEvents[sdk=iphoneos*]" = YES;
				"INFOPLIST_KEY_UIApplicationSupportsIndirectInputEvents[sdk=iphonesimulator*]" = YES;
				"INFOPLIST_KEY_UILaunchScreen_Generation[sdk=iphoneos*]" = YES;
				"INFOPLIST_KEY_UILaunchScreen_Generation[sdk=iphonesimulator*]" = YES;
				INFOPLIST_KEY_UIStatusBarHidden = YES;
				"INFOPLIST_KEY_UIStatusBarStyle[sdk=iphoneos*]" = UIStatusBarStyleDefault;
				"INFOPLIST_KEY_UIStatusBarStyle[sdk=iphonesimulator*]" = UIStatusBarStyleDefault;
				INFOPLIST_KEY_UISupportedInterfaceOrientations = "UIInterfaceOrientationLandscapeLeft UIInterfaceOrientationLandscapeRight UIInterfaceOrientationPortrait UIInterfaceOrientationPortraitUpsideDown";
				IPHONEOS_DEPLOYMENT_TARGET = 18.0;
				LD_RUNPATH_SEARCH_PATHS = "@executable_path/Frameworks";
				MARKETING_VERSION = 2.3.0;
				ONLY_ACTIVE_ARCH = YES;
				PRODUCT_BUNDLE_IDENTIFIER = de.schindlerfelix.GitLab;
				PRODUCT_NAME = "$(TARGET_NAME)";
				SDKROOT = auto;
				SUPPORTED_PLATFORMS = "iphoneos iphonesimulator";
				SUPPORTS_MACCATALYST = NO;
				SUPPORTS_XR_DESIGNED_FOR_IPHONE_IPAD = NO;
				SWIFT_EMIT_LOC_STRINGS = YES;
				SWIFT_VERSION = 6.0;
				TARGETED_DEVICE_FAMILY = "1,2,6";
				TVOS_DEPLOYMENT_TARGET = 17.0;
			};
			name = Release;
		};
/* End XCBuildConfiguration section */

/* Begin XCConfigurationList section */
		DC2511E32E7F4C7E0021371C /* Build configuration list for PBXNativeTarget "Tanuki Watch App" */ = {
			isa = XCConfigurationList;
			buildConfigurations = (
				DC2511E42E7F4C7E0021371C /* Debug */,
				DC2511E52E7F4C7E0021371C /* Release */,
			);
			defaultConfigurationIsVisible = 0;
			defaultConfigurationName = Release;
		};
		DC2704F02B8BC0F9003DAA84 /* Build configuration list for PBXProject "Tanuki" */ = {
			isa = XCConfigurationList;
			buildConfigurations = (
				DC2705022B8BC0FB003DAA84 /* Debug */,
				DC2705032B8BC0FB003DAA84 /* Release */,
			);
			defaultConfigurationIsVisible = 0;
			defaultConfigurationName = Release;
		};
		DC2705042B8BC0FB003DAA84 /* Build configuration list for PBXNativeTarget "Tanuki" */ = {
			isa = XCConfigurationList;
			buildConfigurations = (
				DC2705052B8BC0FB003DAA84 /* Debug */,
				DC2705062B8BC0FB003DAA84 /* Release */,
			);
			defaultConfigurationIsVisible = 0;
			defaultConfigurationName = Release;
		};
/* End XCConfigurationList section */

/* Begin XCLocalSwiftPackageReference section */
		DC7E3B430000000000000001 /* XCLocalSwiftPackageReference "Emoji" */ = {
			isa = XCLocalSwiftPackageReference;
			relativePath = Emoji;
		};
		DCD225022E696BC8002256F0 /* XCLocalSwiftPackageReference "GitLabAPI" */ = {
			isa = XCLocalSwiftPackageReference;
			relativePath = GitLabAPI;
		};
/* End XCLocalSwiftPackageReference section */

/* Begin XCRemoteSwiftPackageReference section */
		DC0A6A532B8D148000C53D56 /* XCRemoteSwiftPackageReference "swiftui-cached-async-image" */ = {
			isa = XCRemoteSwiftPackageReference;
			repositoryURL = "https://github.com/lorenzofiamingo/swiftui-cached-async-image";
			requirement = {
				kind = upToNextMajorVersion;
				minimumVersion = 2.1.1;
			};
		};
		DC3A24522B8C3F5800DB0E3F /* XCRemoteSwiftPackageReference "nvm-color" */ = {
			isa = XCRemoteSwiftPackageReference;
			repositoryURL = "https://github.com/NVMNovem/nvm-color";
			requirement = {
				kind = upToNextMajorVersion;
				minimumVersion = 1.2.5;
			};
		};
		DC42A20F2C62D36E00B1EA85 /* XCRemoteSwiftPackageReference "HighlightedTextEditor" */ = {
			isa = XCRemoteSwiftPackageReference;
			repositoryURL = "https://github.com/kyle-n/HighlightedTextEditor";
			requirement = {
				kind = upToNextMajorVersion;
				minimumVersion = 2.1.2;
			};
		};
		DC5AD7CD2E697E4B0031FC7B /* XCRemoteSwiftPackageReference "apollo-ios" */ = {
			isa = XCRemoteSwiftPackageReference;
			repositoryURL = "https://github.com/apollographql/apollo-ios";
			requirement = {
				kind = upToNextMajorVersion;
				minimumVersion = 2.4.0;
			};
		};
		DC5AD7DB2E69D6E50031FC7B /* XCRemoteSwiftPackageReference "toast-swift" */ = {
			isa = XCRemoteSwiftPackageReference;
			repositoryURL = "https://github.com/BastiaanJansen/toast-swift";
			requirement = {
				kind = upToNextMajorVersion;
				minimumVersion = 2.1.3;
			};
		};
		DCAE856F2FA0D20000F64C2B /* XCRemoteSwiftPackageReference "textual" */ = {
			isa = XCRemoteSwiftPackageReference;
			repositoryURL = "https://github.com/gonzalezreal/textual";
			requirement = {
				kind = upToNextMajorVersion;
				minimumVersion = 0.5.0;
			};
		};
		DCAE85702FA0D20000F64C2B /* XCRemoteSwiftPackageReference "MarkdownView" */ = {
			isa = XCRemoteSwiftPackageReference;
			repositoryURL = "https://github.com/keitaoouchi/MarkdownView";
			requirement = {
				kind = upToNextMajorVersion;
				minimumVersion = 2.1.0;
			};
		};
		DCAF9D9D2BC3755F001FF2E5 /* XCRemoteSwiftPackageReference "Highlightr" */ = {
			isa = XCRemoteSwiftPackageReference;
			repositoryURL = "https://github.com/raspu/Highlightr";
			requirement = {
				kind = upToNextMajorVersion;
				minimumVersion = 2.3.0;
			};
		};
		DCD2F7012F8AF9740049850E /* XCRemoteSwiftPackageReference "Alamofire" */ = {
			isa = XCRemoteSwiftPackageReference;
			repositoryURL = "https://github.com/Alamofire/Alamofire";
			requirement = {
				kind = upToNextMajorVersion;
				minimumVersion = 5.12.2;
			};
		};
/* End XCRemoteSwiftPackageReference section */

/* Begin XCSwiftPackageProductDependency section */
		DC0A6A542B8D148000C53D56 /* CachedAsyncImage */ = {
			isa = XCSwiftPackageProductDependency;
			package = DC0A6A532B8D148000C53D56 /* XCRemoteSwiftPackageReference "swiftui-cached-async-image" */;
			productName = CachedAsyncImage;
		};
		DC3A24532B8C3F5800DB0E3F /* NVMColor */ = {
			isa = XCSwiftPackageProductDependency;
			package = DC3A24522B8C3F5800DB0E3F /* XCRemoteSwiftPackageReference "nvm-color" */;
			productName = NVMColor;
		};
		DC42A2102C62D36E00B1EA85 /* HighlightedTextEditor */ = {
			isa = XCSwiftPackageProductDependency;
			package = DC42A20F2C62D36E00B1EA85 /* XCRemoteSwiftPackageReference "HighlightedTextEditor" */;
			productName = HighlightedTextEditor;
		};
		DC5AD7CE2E697E4B0031FC7B /* Apollo */ = {
			isa = XCSwiftPackageProductDependency;
			package = DC5AD7CD2E697E4B0031FC7B /* XCRemoteSwiftPackageReference "apollo-ios" */;
			productName = Apollo;
		};
		DC5AD7D02E697E4B0031FC7B /* ApolloAPI */ = {
			isa = XCSwiftPackageProductDependency;
			package = DC5AD7CD2E697E4B0031FC7B /* XCRemoteSwiftPackageReference "apollo-ios" */;
			productName = ApolloAPI;
		};
		DC5AD7D22E697E4B0031FC7B /* ApolloSQLite */ = {
			isa = XCSwiftPackageProductDependency;
			package = DC5AD7CD2E697E4B0031FC7B /* XCRemoteSwiftPackageReference "apollo-ios" */;
			productName = ApolloSQLite;
		};
		DC5AD7DC2E69D6E50031FC7B /* Toast */ = {
			isa = XCSwiftPackageProductDependency;
			package = DC5AD7DB2E69D6E50031FC7B /* XCRemoteSwiftPackageReference "toast-swift" */;
			productName = Toast;
		};
		DC7E3B430000000000000002 /* TanukiEmoji */ = {
			isa = XCSwiftPackageProductDependency;
			package = DC7E3B430000000000000001 /* XCLocalSwiftPackageReference "Emoji" */;
			productName = TanukiEmoji;
		};
		DC7E3B430000000000000003 /* TanukiEmoji */ = {
			isa = XCSwiftPackageProductDependency;
			package = DC7E3B430000000000000001 /* XCLocalSwiftPackageReference "Emoji" */;
			productName = TanukiEmoji;
		};
		DC8978212E7F514200D42E4C /* GitLabAPI */ = {
			isa = XCSwiftPackageProductDependency;
			package = DCD225022E696BC8002256F0 /* XCLocalSwiftPackageReference "GitLabAPI" */;
			productName = GitLabAPI;
		};
		DC8978232E7F515800D42E4C /* Apollo */ = {
			isa = XCSwiftPackageProductDependency;
			package = DC5AD7CD2E697E4B0031FC7B /* XCRemoteSwiftPackageReference "apollo-ios" */;
			productName = Apollo;
		};
		DC8978252E7F515800D42E4C /* ApolloAPI */ = {
			isa = XCSwiftPackageProductDependency;
			package = DC5AD7CD2E697E4B0031FC7B /* XCRemoteSwiftPackageReference "apollo-ios" */;
			productName = ApolloAPI;
		};
		DC89783C2E7F558300D42E4C /* CachedAsyncImage */ = {
			isa = XCSwiftPackageProductDependency;
			package = DC0A6A532B8D148000C53D56 /* XCRemoteSwiftPackageReference "swiftui-cached-async-image" */;
			productName = CachedAsyncImage;
		};
		DCAE856D2FA0D20000F64C2B /* Textual */ = {
			isa = XCSwiftPackageProductDependency;
			package = DCAE856F2FA0D20000F64C2B /* XCRemoteSwiftPackageReference "textual" */;
			productName = Textual;
		};
		DCAE856E2FA0D20000F64C2B /* MarkdownView */ = {
			isa = XCSwiftPackageProductDependency;
			package = DCAE85702FA0D20000F64C2B /* XCRemoteSwiftPackageReference "MarkdownView" */;
			productName = MarkdownView;
		};
		DCAF9D9E2BC3755F001FF2E5 /* Highlightr */ = {
			isa = XCSwiftPackageProductDependency;
			package = DCAF9D9D2BC3755F001FF2E5 /* XCRemoteSwiftPackageReference "Highlightr" */;
			productName = Highlightr;
		};
		DCD225032E696BC8002256F0 /* GitLabAPI */ = {
			isa = XCSwiftPackageProductDependency;
			productName = GitLabAPI;
		};
		DCD2F7022F8AF9740049850E /* Alamofire */ = {
			isa = XCSwiftPackageProductDependency;
			package = DCD2F7012F8AF9740049850E /* XCRemoteSwiftPackageReference "Alamofire" */;
			productName = Alamofire;
		};
/* End XCSwiftPackageProductDependency section */
	};
	rootObject = DC2704ED2B8BC0F9003DAA84 /* Project object */;
}
